// !$*UTF8*$!
{
	archiveVersion = 1;
	classes = {
	};
	objectVersion = 51;
	objects = {

/* Begin PBXBuildFile section */
		A4DA3298261AE28E0043172E /* AppDelegate.swift in Sources */ = {isa = PBXBuildFile; fileRef = A4DA3297261AE28E0043172E /* AppDelegate.swift */; };
		A4DA329A261AE28E0043172E /* SceneDelegate.swift in Sources */ = {isa = PBXBuildFile; fileRef = A4DA3299261AE28E0043172E /* SceneDelegate.swift */; };
		A4DA32A1261AE2900043172E /* Assets.xcassets in Resources */ = {isa = PBXBuildFile; fileRef = A4DA32A0261AE2900043172E /* Assets.xcassets */; };
		A4DA32A4261AE2900043172E /* LaunchScreen.storyboard in Resources */ = {isa = PBXBuildFile; fileRef = A4DA32A2261AE2900043172E /* LaunchScreen.storyboard */; };
		A4DA32BE261AE3DB0043172E /* MainViewController.swift in Sources */ = {isa = PBXBuildFile; fileRef = A4DA32BD261AE3DB0043172E /* MainViewController.swift */; };
		A4DA32C4261AE3FD0043172E /* UIView+Ext.swift in Sources */ = {isa = PBXBuildFile; fileRef = A4DA32C3261AE3FD0043172E /* UIView+Ext.swift */; };
		A4DA32CA261AE5440043172E /* PostListViewController.swift in Sources */ = {isa = PBXBuildFile; fileRef = A4DA32C9261AE5440043172E /* PostListViewController.swift */; };
		A4DA32D0261AE8050043172E /* ButtonDefaultRounded.swift in Sources */ = {isa = PBXBuildFile; fileRef = A4DA32CF261AE8050043172E /* ButtonDefaultRounded.swift */; };
		A4DA32D5261AED050043172E /* UIButton+Ext.swift in Sources */ = {isa = PBXBuildFile; fileRef = A4DA32D4261AED050043172E /* UIButton+Ext.swift */; };
		A4DA32D9261AEEFA0043172E /* AlbumListViewController.swift in Sources */ = {isa = PBXBuildFile; fileRef = A4DA32D8261AEEFA0043172E /* AlbumListViewController.swift */; };
		A4DA32DC261AEFC10043172E /* URLRequest+Ext.swift in Sources */ = {isa = PBXBuildFile; fileRef = A4DA32DB261AEFC10043172E /* URLRequest+Ext.swift */; };
		A4DA32DF261AF5E90043172E /* Post.swift in Sources */ = {isa = PBXBuildFile; fileRef = A4DA32DE261AF5E90043172E /* Post.swift */; };
		A4DA32E3261AF63C0043172E /* PostListViewModel.swift in Sources */ = {isa = PBXBuildFile; fileRef = A4DA32E2261AF63C0043172E /* PostListViewModel.swift */; };
		A4DA32EF261AF6CF0043172E /* BaseModel.swift in Sources */ = {isa = PBXBuildFile; fileRef = A4DA32EE261AF6CF0043172E /* BaseModel.swift */; };
		A4DA32FC261B01DA0043172E /* PostListService.swift in Sources */ = {isa = PBXBuildFile; fileRef = A4DA32FB261B01DA0043172E /* PostListService.swift */; };
		A4DA32FF261B07BC0043172E /* PostListViewCell.swift in Sources */ = {isa = PBXBuildFile; fileRef = A4DA32FE261B07BC0043172E /* PostListViewCell.swift */; };
		DF8417C4E20CE0975969413F /* Pods_ExampleTest.framework in Frameworks */ = {isa = PBXBuildFile; fileRef = AC93C6FA701401DAC1125AD5 /* Pods_ExampleTest.framework */; };
/* End PBXBuildFile section */

/* Begin PBXFileReference section */
		3B438E101D808D2286C46EC2 /* Pods-ExampleTest.release.xcconfig */ = {isa = PBXFileReference; includeInIndex = 1; lastKnownFileType = text.xcconfig; name = "Pods-ExampleTest.release.xcconfig"; path = "Target Support Files/Pods-ExampleTest/Pods-ExampleTest.release.xcconfig"; sourceTree = "<group>"; };
		640A83C646BB9BEC64C99A72 /* Pods-ExampleTest.debug.xcconfig */ = {isa = PBXFileReference; includeInIndex = 1; lastKnownFileType = text.xcconfig; name = "Pods-ExampleTest.debug.xcconfig"; path = "Target Support Files/Pods-ExampleTest/Pods-ExampleTest.debug.xcconfig"; sourceTree = "<group>"; };
		A4DA3294261AE28E0043172E /* ExampleTest.app */ = {isa = PBXFileReference; explicitFileType = wrapper.application; includeInIndex = 0; path = ExampleTest.app; sourceTree = BUILT_PRODUCTS_DIR; };
		A4DA3297261AE28E0043172E /* AppDelegate.swift */ = {isa = PBXFileReference; lastKnownFileType = sourcecode.swift; path = AppDelegate.swift; sourceTree = "<group>"; };
		A4DA3299261AE28E0043172E /* SceneDelegate.swift */ = {isa = PBXFileReference; lastKnownFileType = sourcecode.swift; path = SceneDelegate.swift; sourceTree = "<group>"; };
		A4DA32A0261AE2900043172E /* Assets.xcassets */ = {isa = PBXFileReference; lastKnownFileType = folder.assetcatalog; path = Assets.xcassets; sourceTree = "<group>"; };
		A4DA32A3261AE2900043172E /* Base */ = {isa = PBXFileReference; lastKnownFileType = file.storyboard; name = Base; path = Base.lproj/LaunchScreen.storyboard; sourceTree = "<group>"; };
		A4DA32A5261AE2900043172E /* Info.plist */ = {isa = PBXFileReference; lastKnownFileType = text.plist.xml; path = Info.plist; sourceTree = "<group>"; };
		A4DA32BD261AE3DB0043172E /* MainViewController.swift */ = {isa = PBXFileReference; lastKnownFileType = sourcecode.swift; path = MainViewController.swift; sourceTree = "<group>"; };
		A4DA32C3261AE3FD0043172E /* UIView+Ext.swift */ = {isa = PBXFileReference; lastKnownFileType = sourcecode.swift; path = "UIView+Ext.swift"; sourceTree = "<group>"; };
		A4DA32C9261AE5440043172E /* PostListViewController.swift */ = {isa = PBXFileReference; lastKnownFileType = sourcecode.swift; path = PostListViewController.swift; sourceTree = "<group>"; };
		A4DA32CF261AE8050043172E /* ButtonDefaultRounded.swift */ = {isa = PBXFileReference; lastKnownFileType = sourcecode.swift; path = ButtonDefaultRounded.swift; sourceTree = "<group>"; };
		A4DA32D4261AED050043172E /* UIButton+Ext.swift */ = {isa = PBXFileReference; lastKnownFileType = sourcecode.swift; path = "UIButton+Ext.swift"; sourceTree = "<group>"; };
		A4DA32D8261AEEFA0043172E /* AlbumListViewController.swift */ = {isa = PBXFileReference; lastKnownFileType = sourcecode.swift; path = AlbumListViewController.swift; sourceTree = "<group>"; };
		A4DA32DB261AEFC10043172E /* URLRequest+Ext.swift */ = {isa = PBXFileReference; lastKnownFileType = sourcecode.swift; path = "URLRequest+Ext.swift"; sourceTree = "<group>"; };
		A4DA32DE261AF5E90043172E /* Post.swift */ = {isa = PBXFileReference; lastKnownFileType = sourcecode.swift; path = Post.swift; sourceTree = "<group>"; };
		A4DA32E2261AF63C0043172E /* PostListViewModel.swift */ = {isa = PBXFileReference; lastKnownFileType = sourcecode.swift; path = PostListViewModel.swift; sourceTree = "<group>"; };
		A4DA32EE261AF6CF0043172E /* BaseModel.swift */ = {isa = PBXFileReference; lastKnownFileType = sourcecode.swift; path = BaseModel.swift; sourceTree = "<group>"; };
		A4DA32FB261B01DA0043172E /* PostListService.swift */ = {isa = PBXFileReference; lastKnownFileType = sourcecode.swift; path = PostListService.swift; sourceTree = "<group>"; };
		A4DA32FE261B07BC0043172E /* PostListViewCell.swift */ = {isa = PBXFileReference; lastKnownFileType = sourcecode.swift; path = PostListViewCell.swift; sourceTree = "<group>"; };
		AC93C6FA701401DAC1125AD5 /* Pods_ExampleTest.framework */ = {isa = PBXFileReference; explicitFileType = wrapper.framework; includeInIndex = 0; path = Pods_ExampleTest.framework; sourceTree = BUILT_PRODUCTS_DIR; };
/* End PBXFileReference section */

/* Begin PBXFrameworksBuildPhase section */
		A4DA3291261AE28E0043172E /* Frameworks */ = {
			isa = PBXFrameworksBuildPhase;
			buildActionMask = 2147483647;
			files = (
				DF8417C4E20CE0975969413F /* Pods_ExampleTest.framework in Frameworks */,
			);
			runOnlyForDeploymentPostprocessing = 0;
		};
/* End PBXFrameworksBuildPhase section */

/* Begin PBXGroup section */
		8C58148965DBAEC3233AF6CA /* Pods */ = {
			isa = PBXGroup;
			children = (
				640A83C646BB9BEC64C99A72 /* Pods-ExampleTest.debug.xcconfig */,
				3B438E101D808D2286C46EC2 /* Pods-ExampleTest.release.xcconfig */,
			);
			path = Pods;
			sourceTree = "<group>";
		};
		965AD389F826DC44941A3BC2 /* Frameworks */ = {
			isa = PBXGroup;
			children = (
				AC93C6FA701401DAC1125AD5 /* Pods_ExampleTest.framework */,
			);
			name = Frameworks;
			sourceTree = "<group>";
		};
		A4DA328B261AE28D0043172E = {
			isa = PBXGroup;
			children = (
				A4DA3296261AE28E0043172E /* ExampleTest */,
				A4DA3295261AE28E0043172E /* Products */,
				8C58148965DBAEC3233AF6CA /* Pods */,
				965AD389F826DC44941A3BC2 /* Frameworks */,
			);
			sourceTree = "<group>";
		};
		A4DA3295261AE28E0043172E /* Products */ = {
			isa = PBXGroup;
			children = (
				A4DA3294261AE28E0043172E /* ExampleTest.app */,
			);
			name = Products;
			sourceTree = "<group>";
		};
		A4DA3296261AE28E0043172E /* ExampleTest */ = {
			isa = PBXGroup;
			children = (
				A4DA32BA261AE3240043172E /* Application */,
				A4DA32B3261AE2FC0043172E /* Resources */,
				A4DA32C2261AE3F20043172E /* Shared */,
				A4DA32B9261AE31A0043172E /* Scenes */,
			);
			path = ExampleTest;
			sourceTree = "<group>";
		};
		A4DA32B3261AE2FC0043172E /* Resources */ = {
			isa = PBXGroup;
			children = (
				A4DA32A0261AE2900043172E /* Assets.xcassets */,
				A4DA32A2261AE2900043172E /* LaunchScreen.storyboard */,
			);
			name = Resources;
			sourceTree = "<group>";
		};
		A4DA32B9261AE31A0043172E /* Scenes */ = {
			isa = PBXGroup;
			children = (
				A4DA32BC261AE3D00043172E /* MainScene */,
				A4DA32C8261AE5380043172E /* PostListScene */,
				A4DA32D7261AEEE70043172E /* AlbumListScene */,
			);
			path = Scenes;
			sourceTree = "<group>";
		};
		A4DA32BA261AE3240043172E /* Application */ = {
			isa = PBXGroup;
			children = (
				A4DA3297261AE28E0043172E /* AppDelegate.swift */,
				A4DA3299261AE28E0043172E /* SceneDelegate.swift */,
				A4DA32A5261AE2900043172E /* Info.plist */,
			);
			name = Application;
			sourceTree = "<group>";
		};
		A4DA32BC261AE3D00043172E /* MainScene */ = {
			isa = PBXGroup;
			children = (
				A4DA32BD261AE3DB0043172E /* MainViewController.swift */,
			);
			path = MainScene;
			sourceTree = "<group>";
		};
		A4DA32C2261AE3F20043172E /* Shared */ = {
			isa = PBXGroup;
			children = (
				A4DA32ED261AF6C90043172E /* Protocols */,
				A4DA32CD261AE7F00043172E /* Extensions */,
				A4DA32CE261AE7F70043172E /* Views */,
			);
			path = Shared;
			sourceTree = "<group>";
		};
		A4DA32C8261AE5380043172E /* PostListScene */ = {
			isa = PBXGroup;
			children = (
				A4DA32C9261AE5440043172E /* PostListViewController.swift */,
				A4DA32FE261B07BC0043172E /* PostListViewCell.swift */,
				A4DA32DE261AF5E90043172E /* Post.swift */,
				A4DA32E2261AF63C0043172E /* PostListViewModel.swift */,
				A4DA32FB261B01DA0043172E /* PostListService.swift */,
			);
			path = PostListScene;
			sourceTree = "<group>";
		};
		A4DA32CD261AE7F00043172E /* Extensions */ = {
			isa = PBXGroup;
			children = (
				A4DA32C3261AE3FD0043172E /* UIView+Ext.swift */,
				A4DA32D4261AED050043172E /* UIButton+Ext.swift */,
				A4DA32DB261AEFC10043172E /* URLRequest+Ext.swift */,
			);
			path = Extensions;
			sourceTree = "<group>";
		};
		A4DA32CE261AE7F70043172E /* Views */ = {
			isa = PBXGroup;
			children = (
				A4DA32CF261AE8050043172E /* ButtonDefaultRounded.swift */,
			);
			path = Views;
			sourceTree = "<group>";
		};
		A4DA32D7261AEEE70043172E /* AlbumListScene */ = {
			isa = PBXGroup;
			children = (
				A4DA32D8261AEEFA0043172E /* AlbumListViewController.swift */,
			);
			path = AlbumListScene;
			sourceTree = "<group>";
		};
		A4DA32ED261AF6C90043172E /* Protocols */ = {
			isa = PBXGroup;
			children = (
				A4DA32EE261AF6CF0043172E /* BaseModel.swift */,
			);
			path = Protocols;
			sourceTree = "<group>";
		};
/* End PBXGroup section */

/* Begin PBXNativeTarget section */
		A4DA3293261AE28E0043172E /* ExampleTest */ = {
			isa = PBXNativeTarget;
			buildConfigurationList = A4DA32A8261AE2900043172E /* Build configuration list for PBXNativeTarget "ExampleTest" */;
			buildPhases = (
				9EC901A07C6D6D3D3C51F9B1 /* [CP] Check Pods Manifest.lock */,
				A4DA3290261AE28E0043172E /* Sources */,
				A4DA3291261AE28E0043172E /* Frameworks */,
				A4DA3292261AE28E0043172E /* Resources */,
				862B5073C63D36CC67C4EA43 /* [CP] Embed Pods Frameworks */,
			);
			buildRules = (
			);
			dependencies = (
			);
			name = ExampleTest;
			productName = ExampleTest;
			productReference = A4DA3294261AE28E0043172E /* ExampleTest.app */;
			productType = "com.apple.product-type.application";
		};
/* End PBXNativeTarget section */

/* Begin PBXProject section */
		A4DA328C261AE28D0043172E /* Project object */ = {
			isa = PBXProject;
			attributes = {
				LastSwiftUpdateCheck = 1240;
				LastUpgradeCheck = 1240;
				TargetAttributes = {
					A4DA3293261AE28E0043172E = {
						CreatedOnToolsVersion = 12.4;
					};
				};
			};
			buildConfigurationList = A4DA328F261AE28D0043172E /* Build configuration list for PBXProject "ExampleTest" */;
			compatibilityVersion = "Xcode 9.3";
			developmentRegion = en;
			hasScannedForEncodings = 0;
			knownRegions = (
				en,
				Base,
			);
			mainGroup = A4DA328B261AE28D0043172E;
			productRefGroup = A4DA3295261AE28E0043172E /* Products */;
			projectDirPath = "";
			projectRoot = "";
			targets = (
				A4DA3293261AE28E0043172E /* ExampleTest */,
			);
		};
/* End PBXProject section */

/* Begin PBXResourcesBuildPhase section */
		A4DA3292261AE28E0043172E /* Resources */ = {
			isa = PBXResourcesBuildPhase;
			buildActionMask = 2147483647;
			files = (
				A4DA32A4261AE2900043172E /* LaunchScreen.storyboard in Resources */,
				A4DA32A1261AE2900043172E /* Assets.xcassets in Resources */,
			);
			runOnlyForDeploymentPostprocessing = 0;
		};
/* End PBXResourcesBuildPhase section */

/* Begin PBXShellScriptBuildPhase section */
		862B5073C63D36CC67C4EA43 /* [CP] Embed Pods Frameworks */ = {
			isa = PBXShellScriptBuildPhase;
			buildActionMask = 2147483647;
			files = (
			);
			inputFileListPaths = (
				"${PODS_ROOT}/Target Support Files/Pods-ExampleTest/Pods-ExampleTest-frameworks-${CONFIGURATION}-input-files.xcfilelist",
			);
			name = "[CP] Embed Pods Frameworks";
			outputFileListPaths = (
				"${PODS_ROOT}/Target Support Files/Pods-ExampleTest/Pods-ExampleTest-frameworks-${CONFIGURATION}-output-files.xcfilelist",
			);
			runOnlyForDeploymentPostprocessing = 0;
			shellPath = /bin/sh;
			shellScript = "\"${PODS_ROOT}/Target Support Files/Pods-ExampleTest/Pods-ExampleTest-frameworks.sh\"\n";
			showEnvVarsInLog = 0;
		};
		9EC901A07C6D6D3D3C51F9B1 /* [CP] Check Pods Manifest.lock */ = {
			isa = PBXShellScriptBuildPhase;
			buildActionMask = 2147483647;
			files = (
			);
			inputFileListPaths = (
			);
			inputPaths = (
				"${PODS_PODFILE_DIR_PATH}/Podfile.lock",
				"${PODS_ROOT}/Manifest.lock",
			);
			name = "[CP] Check Pods Manifest.lock";
			outputFileListPaths = (
			);
			outputPaths = (
				"$(DERIVED_FILE_DIR)/Pods-ExampleTest-checkManifestLockResult.txt",
			);
			runOnlyForDeploymentPostprocessing = 0;
			shellPath = /bin/sh;
			shellScript = "diff \"${PODS_PODFILE_DIR_PATH}/Podfile.lock\" \"${PODS_ROOT}/Manifest.lock\" > /dev/null\nif [ $? != 0 ] ; then\n    # print error to STDERR\n    echo \"error: The sandbox is not in sync with the Podfile.lock. Run 'pod install' or update your CocoaPods installation.\" >&2\n    exit 1\nfi\n# This output is used by Xcode 'outputs' to avoid re-running this script phase.\necho \"SUCCESS\" > \"${SCRIPT_OUTPUT_FILE_0}\"\n";
			showEnvVarsInLog = 0;
		};
/* End PBXShellScriptBuildPhase section */

/* Begin PBXSourcesBuildPhase section */
		A4DA3290261AE28E0043172E /* Sources */ = {
			isa = PBXSourcesBuildPhase;
			buildActionMask = 2147483647;
			files = (
				A4DA32FC261B01DA0043172E /* PostListService.swift in Sources */,
				A4DA32C4261AE3FD0043172E /* UIView+Ext.swift in Sources */,
				A4DA32CA261AE5440043172E /* PostListViewController.swift in Sources */,
				A4DA32D5261AED050043172E /* UIButton+Ext.swift in Sources */,
				A4DA32BE261AE3DB0043172E /* MainViewController.swift in Sources */,
				A4DA32DF261AF5E90043172E /* Post.swift in Sources */,
				A4DA32EF261AF6CF0043172E /* BaseModel.swift in Sources */,
				A4DA32D9261AEEFA0043172E /* AlbumListViewController.swift in Sources */,
				A4DA32D0261AE8050043172E /* ButtonDefaultRounded.swift in Sources */,
				A4DA3298261AE28E0043172E /* AppDelegate.swift in Sources */,
				A4DA32DC261AEFC10043172E /* URLRequest+Ext.swift in Sources */,
				A4DA329A261AE28E0043172E /* SceneDelegate.swift in Sources */,
				A4DA32FF261B07BC0043172E /* PostListViewCell.swift in Sources */,
				A4DA32E3261AF63C0043172E /* PostListViewModel.swift in Sources */,
			);
			runOnlyForDeploymentPostprocessing = 0;
		};
/* End PBXSourcesBuildPhase section */

/* Begin PBXVariantGroup section */
		A4DA32A2261AE2900043172E /* LaunchScreen.storyboard */ = {
			isa = PBXVariantGroup;
			children = (
				A4DA32A3261AE2900043172E /* Base */,
			);
			name = LaunchScreen.storyboard;
			sourceTree = "<group>";
		};
/* End PBXVariantGroup section */

/* Begin XCBuildConfiguration section */
		A4DA32A6261AE2900043172E /* Debug */ = {
			isa = XCBuildConfiguration;
			buildSettings = {
				ALWAYS_SEARCH_USER_PATHS = NO;
				CLANG_ANALYZER_NONNULL = YES;
				CLANG_ANALYZER_NUMBER_OBJECT_CONVERSION = YES_AGGRESSIVE;
				CLANG_CXX_LANGUAGE_STANDARD = "gnu++14";
				CLANG_CXX_LIBRARY = "libc++";
				CLANG_ENABLE_MODULES = YES;
				CLANG_ENABLE_OBJC_ARC = YES;
				CLANG_ENABLE_OBJC_WEAK = YES;
				CLANG_WARN_BLOCK_CAPTURE_AUTORELEASING = YES;
				CLANG_WARN_BOOL_CONVERSION = YES;
				CLANG_WARN_COMMA = YES;
				CLANG_WARN_CONSTANT_CONVERSION = YES;
				CLANG_WARN_DEPRECATED_OBJC_IMPLEMENTATIONS = YES;
				CLANG_WARN_DIRECT_OBJC_ISA_USAGE = YES_ERROR;
				CLANG_WARN_DOCUMENTATION_COMMENTS = YES;
				CLANG_WARN_EMPTY_BODY = YES;
				CLANG_WARN_ENUM_CONVERSION = YES;
				CLANG_WARN_INFINITE_RECURSION = YES;
				CLANG_WARN_INT_CONVERSION = YES;
				CLANG_WARN_NON_LITERAL_NULL_CONVERSION = YES;
				CLANG_WARN_OBJC_IMPLICIT_RETAIN_SELF = YES;
				CLANG_WARN_OBJC_LITERAL_CONVERSION = YES;
				CLANG_WARN_OBJC_ROOT_CLASS = YES_ERROR;
				CLANG_WARN_QUOTED_INCLUDE_IN_FRAMEWORK_HEADER = YES;
				CLANG_WARN_RANGE_LOOP_ANALYSIS = YES;
				CLANG_WARN_STRICT_PROTOTYPES = YES;
				CLANG_WARN_SUSPICIOUS_MOVE = YES;
				CLANG_WARN_UNGUARDED_AVAILABILITY = YES_AGGRESSIVE;
				CLANG_WARN_UNREACHABLE_CODE = YES;
				CLANG_WARN__DUPLICATE_METHOD_MATCH = YES;
				COPY_PHASE_STRIP = NO;
				DEBUG_INFORMATION_FORMAT = dwarf;
				ENABLE_STRICT_OBJC_MSGSEND = YES;
				ENABLE_TESTABILITY = YES;
				GCC_C_LANGUAGE_STANDARD = gnu11;
				GCC_DYNAMIC_NO_PIC = NO;
				GCC_NO_COMMON_BLOCKS = YES;
				GCC_OPTIMIZATION_LEVEL = 0;
				GCC_PREPROCESSOR_DEFINITIONS = (
					"DEBUG=1",
					"$(inherited)",
				);
				GCC_WARN_64_TO_32_BIT_CONVERSION = YES;
				GCC_WARN_ABOUT_RETURN_TYPE = YES_ERROR;
				GCC_WARN_UNDECLARED_SELECTOR = YES;
				GCC_WARN_UNINITIALIZED_AUTOS = YES_AGGRESSIVE;
				GCC_WARN_UNUSED_FUNCTION = YES;
				GCC_WARN_UNUSED_VARIABLE = YES;
				IPHONEOS_DEPLOYMENT_TARGET = 12.0;
				MTL_ENABLE_DEBUG_INFO = INCLUDE_SOURCE;
				MTL_FAST_MATH = YES;
				ONLY_ACTIVE_ARCH = YES;
				SDKROOT = iphoneos;
				SWIFT_ACTIVE_COMPILATION_CONDITIONS = DEBUG;
				SWIFT_OPTIMIZATION_LEVEL = "-Onone";
			};
			name = Debug;
		};
		A4DA32A7261AE2900043172E /* Release */ = {
			isa = XCBuildConfiguration;
			buildSettings = {
				ALWAYS_SEARCH_USER_PATHS = NO;
				CLANG_ANALYZER_NONNULL = YES;
				CLANG_ANALYZER_NUMBER_OBJECT_CONVERSION = YES_AGGRESSIVE;
				CLANG_CXX_LANGUAGE_STANDARD = "gnu++14";
				CLANG_CXX_LIBRARY = "libc++";
				CLANG_ENABLE_MODULES = YES;
				CLANG_ENABLE_OBJC_ARC = YES;
				CLANG_ENABLE_OBJC_WEAK = YES;
				CLANG_WARN_BLOCK_CAPTURE_AUTORELEASING = YES;
				CLANG_WARN_BOOL_CONVERSION = YES;
				CLANG_WARN_COMMA = YES;
				CLANG_WARN_CONSTANT_CONVERSION = YES;
				CLANG_WARN_DEPRECATED_OBJC_IMPLEMENTATIONS = YES;
				CLANG_WARN_DIRECT_OBJC_ISA_USAGE = YES_ERROR;
				CLANG_WARN_DOCUMENTATION_COMMENTS = YES;
				CLANG_WARN_EMPTY_BODY = YES;
				CLANG_WARN_ENUM_CONVERSION = YES;
				CLANG_WARN_INFINITE_RECURSION = YES;
				CLANG_WARN_INT_CONVERSION = YES;
				CLANG_WARN_NON_LITERAL_NULL_CONVERSION = YES;
				CLANG_WARN_OBJC_IMPLICIT_RETAIN_SELF = YES;
				CLANG_WARN_OBJC_LITERAL_CONVERSION = YES;
				CLANG_WARN_OBJC_ROOT_CLASS = YES_ERROR;
				CLANG_WARN_QUOTED_INCLUDE_IN_FRAMEWORK_HEADER = YES;
				CLANG_WARN_RANGE_LOOP_ANALYSIS = YES;
				CLANG_WARN_STRICT_PROTOTYPES = YES;
				CLANG_WARN_SUSPICIOUS_MOVE = YES;
				CLANG_WARN_UNGUARDED_AVAILABILITY = YES_AGGRESSIVE;
				CLANG_WARN_UNREACHABLE_CODE = YES;
				CLANG_WARN__DUPLICATE_METHOD_MATCH = YES;
				COPY_PHASE_STRIP = NO;
				DEBUG_INFORMATION_FORMAT = "dwarf-with-dsym";
				ENABLE_NS_ASSERTIONS = NO;
				ENABLE_STRICT_OBJC_MSGSEND = YES;
				GCC_C_LANGUAGE_STANDARD = gnu11;
				GCC_NO_COMMON_BLOCKS = YES;
				GCC_WARN_64_TO_32_BIT_CONVERSION = YES;
				GCC_WARN_ABOUT_RETURN_TYPE = YES_ERROR;
				GCC_WARN_UNDECLARED_SELECTOR = YES;
				GCC_WARN_UNINITIALIZED_AUTOS = YES_AGGRESSIVE;
				GCC_WARN_UNUSED_FUNCTION = YES;
				GCC_WARN_UNUSED_VARIABLE = YES;
				IPHONEOS_DEPLOYMENT_TARGET = 12.0;
				MTL_ENABLE_DEBUG_INFO = NO;
				MTL_FAST_MATH = YES;
				SDKROOT = iphoneos;
				SWIFT_COMPILATION_MODE = wholemodule;
				SWIFT_OPTIMIZATION_LEVEL = "-O";
				VALIDATE_PRODUCT = YES;
			};
			name = Release;
		};
		A4DA32A9261AE2900043172E /* Debug */ = {
			isa = XCBuildConfiguration;
			baseConfigurationReference = 640A83C646BB9BEC64C99A72 /* Pods-ExampleTest.debug.xcconfig */;
			buildSettings = {
				ASSETCATALOG_COMPILER_APPICON_NAME = AppIcon;
				ASSETCATALOG_COMPILER_GLOBAL_ACCENT_COLOR_NAME = AccentColor;
				CODE_SIGN_STYLE = Automatic;
				DEVELOPMENT_TEAM = 6U769Q36UT;
				INFOPLIST_FILE = ExampleTest/Info.plist;
				LD_RUNPATH_SEARCH_PATHS = (
					"$(inherited)",
					"@executable_path/Frameworks",
				);
				PRODUCT_BUNDLE_IDENTIFIER = net.aaronlab.ExampleTest;
				PRODUCT_NAME = "$(TARGET_NAME)";
				SWIFT_VERSION = 5.0;
				TARGETED_DEVICE_FAMILY = "1,2";
			};
			name = Debug;
		};
		A4DA32AA261AE2900043172E /* Release */ = {
			isa = XCBuildConfiguration;
			baseConfigurationReference = 3B438E101D808D2286C46EC2 /* Pods-ExampleTest.release.xcconfig */;
			buildSettings = {
				ASSETCATALOG_COMPILER_APPICON_NAME = AppIcon;
				ASSETCATALOG_COMPILER_GLOBAL_ACCENT_COLOR_NAME = AccentColor;
				CODE_SIGN_STYLE = Automatic;
				DEVELOPMENT_TEAM = 6U769Q36UT;
				INFOPLIST_FILE = ExampleTest/Info.plist;
				LD_RUNPATH_SEARCH_PATHS = (
					"$(inherited)",
					"@executable_path/Frameworks",
				);
				PRODUCT_BUNDLE_IDENTIFIER = net.aaronlab.ExampleTest;
				PRODUCT_NAME = "$(TARGET_NAME)";
				SWIFT_VERSION = 5.0;
				TARGETED_DEVICE_FAMILY = "1,2";
			};
			name = Release;
		};
/* End XCBuildConfiguration section */

/* Begin XCConfigurationList section */
		A4DA328F261AE28D0043172E /* Build configuration list for PBXProject "ExampleTest" */ = {
			isa = XCConfigurationList;
			buildConfigurations = (
				A4DA32A6261AE2900043172E /* Debug */,
				A4DA32A7261AE2900043172E /* Release */,
			);
			defaultConfigurationIsVisible = 0;
			defaultConfigurationName = Release;
		};
		A4DA32A8261AE2900043172E /* Build configuration list for PBXNativeTarget "ExampleTest" */ = {
			isa = XCConfigurationList;
			buildConfigurations = (
				A4DA32A9261AE2900043172E /* Debug */,
				A4DA32AA261AE2900043172E /* Release */,
			);
			defaultConfigurationIsVisible = 0;
			defaultConfigurationName = Release;
		};
/* End XCConfigurationList section */
	};
	rootObject = A4DA328C261AE28D0043172E /* Project object */;
}
