// !$*UTF8*$!
{
	archiveVersion = 1;
	classes = {
	};
	objectVersion = 51;
	objects = {

/* Begin PBXBuildFile section */
		A425BCCA260CCE43008A6207 /* AppDelegate.swift in Sources */ = {isa = PBXBuildFile; fileRef = A425BCC9260CCE43008A6207 /* AppDelegate.swift */; };
		A425BCCC260CCE43008A6207 /* SceneDelegate.swift in Sources */ = {isa = PBXBuildFile; fileRef = A425BCCB260CCE43008A6207 /* SceneDelegate.swift */; };
		A425BCCE260CCE43008A6207 /* MainViewController.swift in Sources */ = {isa = PBXBuildFile; fileRef = A425BCCD260CCE43008A6207 /* MainViewController.swift */; };
		A425BCD3260CCE44008A6207 /* Assets.xcassets in Resources */ = {isa = PBXBuildFile; fileRef = A425BCD2260CCE44008A6207 /* Assets.xcassets */; };
		A425BCD6260CCE44008A6207 /* LaunchScreen.storyboard in Resources */ = {isa = PBXBuildFile; fileRef = A425BCD4260CCE44008A6207 /* LaunchScreen.storyboard */; };
		A425BCE4260CCEAF008A6207 /* APIKey.swift in Sources */ = {isa = PBXBuildFile; fileRef = A425BCE3260CCEAF008A6207 /* APIKey.swift */; };
		A425BCEB260CCFF5008A6207 /* UIView+Extensions.swift in Sources */ = {isa = PBXBuildFile; fileRef = A425BCEA260CCFF5008A6207 /* UIView+Extensions.swift */; };
		A425BCEE260CD0FF008A6207 /* CustomTextField.swift in Sources */ = {isa = PBXBuildFile; fileRef = A425BCED260CD0FF008A6207 /* CustomTextField.swift */; };
		A425BCF2260CD4A5008A6207 /* WeatherResponse.swift in Sources */ = {isa = PBXBuildFile; fileRef = A425BCF1260CD4A5008A6207 /* WeatherResponse.swift */; };
		A425BCF7260CD543008A6207 /* URLRequest+Extensions.swift in Sources */ = {isa = PBXBuildFile; fileRef = A425BCF6260CD543008A6207 /* URLRequest+Extensions.swift */; };
		E4D52D5682F356F9FC065507 /* Pods_Weather.framework in Frameworks */ = {isa = PBXBuildFile; fileRef = 32FF1A138A03E13C2CC38C08 /* Pods_Weather.framework */; };
/* End PBXBuildFile section */

/* Begin PBXFileReference section */
		32FF1A138A03E13C2CC38C08 /* Pods_Weather.framework */ = {isa = PBXFileReference; explicitFileType = wrapper.framework; includeInIndex = 0; path = Pods_Weather.framework; sourceTree = BUILT_PRODUCTS_DIR; };
		8751D23E28EF19AC6723FBF2 /* Pods-Weather.release.xcconfig */ = {isa = PBXFileReference; includeInIndex = 1; lastKnownFileType = text.xcconfig; name = "Pods-Weather.release.xcconfig"; path = "Target Support Files/Pods-Weather/Pods-Weather.release.xcconfig"; sourceTree = "<group>"; };
		A425BCC6260CCE43008A6207 /* Weather.app */ = {isa = PBXFileReference; explicitFileType = wrapper.application; includeInIndex = 0; path = Weather.app; sourceTree = BUILT_PRODUCTS_DIR; };
		A425BCC9260CCE43008A6207 /* AppDelegate.swift */ = {isa = PBXFileReference; lastKnownFileType = sourcecode.swift; path = AppDelegate.swift; sourceTree = "<group>"; };
		A425BCCB260CCE43008A6207 /* SceneDelegate.swift */ = {isa = PBXFileReference; lastKnownFileType = sourcecode.swift; path = SceneDelegate.swift; sourceTree = "<group>"; };
		A425BCCD260CCE43008A6207 /* MainViewController.swift */ = {isa = PBXFileReference; lastKnownFileType = sourcecode.swift; path = MainViewController.swift; sourceTree = "<group>"; };
		A425BCD2260CCE44008A6207 /* Assets.xcassets */ = {isa = PBXFileReference; lastKnownFileType = folder.assetcatalog; path = Assets.xcassets; sourceTree = "<group>"; };
		A425BCD5260CCE44008A6207 /* Base */ = {isa = PBXFileReference; lastKnownFileType = file.storyboard; name = Base; path = Base.lproj/LaunchScreen.storyboard; sourceTree = "<group>"; };
		A425BCD7260CCE44008A6207 /* Info.plist */ = {isa = PBXFileReference; lastKnownFileType = text.plist.xml; path = Info.plist; sourceTree = "<group>"; };
		A425BCE3260CCEAF008A6207 /* APIKey.swift */ = {isa = PBXFileReference; lastKnownFileType = sourcecode.swift; path = APIKey.swift; sourceTree = "<group>"; };
		A425BCEA260CCFF5008A6207 /* UIView+Extensions.swift */ = {isa = PBXFileReference; lastKnownFileType = sourcecode.swift; path = "UIView+Extensions.swift"; sourceTree = "<group>"; };
		A425BCED260CD0FF008A6207 /* CustomTextField.swift */ = {isa = PBXFileReference; lastKnownFileType = sourcecode.swift; path = CustomTextField.swift; sourceTree = "<group>"; };
		A425BCF1260CD4A5008A6207 /* WeatherResponse.swift */ = {isa = PBXFileReference; lastKnownFileType = sourcecode.swift; path = WeatherResponse.swift; sourceTree = "<group>"; };
		A425BCF6260CD543008A6207 /* URLRequest+Extensions.swift */ = {isa = PBXFileReference; lastKnownFileType = sourcecode.swift; path = "URLRequest+Extensions.swift"; sourceTree = "<group>"; };
		A72C3A49D4F7918DE252CF60 /* Pods-Weather.debug.xcconfig */ = {isa = PBXFileReference; includeInIndex = 1; lastKnownFileType = text.xcconfig; name = "Pods-Weather.debug.xcconfig"; path = "Target Support Files/Pods-Weather/Pods-Weather.debug.xcconfig"; sourceTree = "<group>"; };
/* End PBXFileReference section */

/* Begin PBXFrameworksBuildPhase section */
		A425BCC3260CCE43008A6207 /* Frameworks */ = {
			isa = PBXFrameworksBuildPhase;
			buildActionMask = 2147483647;
			files = (
				E4D52D5682F356F9FC065507 /* Pods_Weather.framework in Frameworks */,
			);
			runOnlyForDeploymentPostprocessing = 0;
		};
/* End PBXFrameworksBuildPhase section */

/* Begin PBXGroup section */
		09E2D9CF5B0567C893B314F3 /* Frameworks */ = {
			isa = PBXGroup;
			children = (
				32FF1A138A03E13C2CC38C08 /* Pods_Weather.framework */,
			);
			name = Frameworks;
			sourceTree = "<group>";
		};
		A425BCBD260CCE43008A6207 = {
			isa = PBXGroup;
			children = (
				A425BCC8260CCE43008A6207 /* Weather */,
				A425BCC7260CCE43008A6207 /* Products */,
				AFCA7FD96081344DFF6EBDE4 /* Pods */,
				09E2D9CF5B0567C893B314F3 /* Frameworks */,
			);
			sourceTree = "<group>";
		};
		A425BCC7260CCE43008A6207 /* Products */ = {
			isa = PBXGroup;
			children = (
				A425BCC6260CCE43008A6207 /* Weather.app */,
			);
			name = Products;
			sourceTree = "<group>";
		};
		A425BCC8260CCE43008A6207 /* Weather */ = {
			isa = PBXGroup;
			children = (
				A425BCE6260CCEC7008A6207 /* Application */,
				A425BCE8260CCF17008A6207 /* View */,
				A425BCF0260CD48F008A6207 /* Model */,
				A425BCF5260CD529008A6207 /* Extensions */,
			);
			path = Weather;
			sourceTree = "<group>";
		};
		A425BCE6260CCEC7008A6207 /* Application */ = {
			isa = PBXGroup;
			children = (
				A425BCC9260CCE43008A6207 /* AppDelegate.swift */,
				A425BCCB260CCE43008A6207 /* SceneDelegate.swift */,
				A425BCD2260CCE44008A6207 /* Assets.xcassets */,
				A425BCD4260CCE44008A6207 /* LaunchScreen.storyboard */,
				A425BCD7260CCE44008A6207 /* Info.plist */,
				A425BCE3260CCEAF008A6207 /* APIKey.swift */,
			);
			name = Application;
			sourceTree = "<group>";
		};
		A425BCE8260CCF17008A6207 /* View */ = {
			isa = PBXGroup;
			children = (
				A425BCCD260CCE43008A6207 /* MainViewController.swift */,
				A425BCED260CD0FF008A6207 /* CustomTextField.swift */,
			);
			path = View;
			sourceTree = "<group>";
		};
		A425BCF0260CD48F008A6207 /* Model */ = {
			isa = PBXGroup;
			children = (
				A425BCF1260CD4A5008A6207 /* WeatherResponse.swift */,
			);
			path = Model;
			sourceTree = "<group>";
		};
		A425BCF5260CD529008A6207 /* Extensions */ = {
			isa = PBXGroup;
			children = (
				A425BCEA260CCFF5008A6207 /* UIView+Extensions.swift */,
				A425BCF6260CD543008A6207 /* URLRequest+Extensions.swift */,
			);
			path = Extensions;
			sourceTree = "<group>";
		};
		AFCA7FD96081344DFF6EBDE4 /* Pods */ = {
			isa = PBXGroup;
			children = (
				A72C3A49D4F7918DE252CF60 /* Pods-Weather.debug.xcconfig */,
				8751D23E28EF19AC6723FBF2 /* Pods-Weather.release.xcconfig */,
			);
			path = Pods;
			sourceTree = "<group>";
		};
/* End PBXGroup section */

/* Begin PBXNativeTarget section */
		A425BCC5260CCE43008A6207 /* Weather */ = {
			isa = PBXNativeTarget;
			buildConfigurationList = A425BCDA260CCE44008A6207 /* Build configuration list for PBXNativeTarget "Weather" */;
			buildPhases = (
				2D613E493536F7346CE9FD9B /* [CP] Check Pods Manifest.lock */,
				A425BCC2260CCE43008A6207 /* Sources */,
				A425BCC3260CCE43008A6207 /* Frameworks */,
				A425BCC4260CCE43008A6207 /* Resources */,
				F126FEB3857C1A072FB4978E /* [CP] Embed Pods Frameworks */,
			);
			buildRules = (
			);
			dependencies = (
			);
			name = Weather;
			productName = Weather;
			productReference = A425BCC6260CCE43008A6207 /* Weather.app */;
			productType = "com.apple.product-type.application";
		};
/* End PBXNativeTarget section */

/* Begin PBXProject section */
		A425BCBE260CCE43008A6207 /* Project object */ = {
			isa = PBXProject;
			attributes = {
				LastSwiftUpdateCheck = 1240;
				LastUpgradeCheck = 1240;
				TargetAttributes = {
					A425BCC5260CCE43008A6207 = {
						CreatedOnToolsVersion = 12.4;
					};
				};
			};
			buildConfigurationList = A425BCC1260CCE43008A6207 /* Build configuration list for PBXProject "Weather" */;
			compatibilityVersion = "Xcode 9.3";
			developmentRegion = en;
			hasScannedForEncodings = 0;
			knownRegions = (
				en,
				Base,
			);
			mainGroup = A425BCBD260CCE43008A6207;
			productRefGroup = A425BCC7260CCE43008A6207 /* Products */;
			projectDirPath = "";
			projectRoot = "";
			targets = (
				A425BCC5260CCE43008A6207 /* Weather */,
			);
		};
/* End PBXProject section */

/* Begin PBXResourcesBuildPhase section */
		A425BCC4260CCE43008A6207 /* Resources */ = {
			isa = PBXResourcesBuildPhase;
			buildActionMask = 2147483647;
			files = (
				A425BCD6260CCE44008A6207 /* LaunchScreen.storyboard in Resources */,
				A425BCD3260CCE44008A6207 /* Assets.xcassets in Resources */,
			);
			runOnlyForDeploymentPostprocessing = 0;
		};
/* End PBXResourcesBuildPhase section */

/* Begin PBXShellScriptBuildPhase section */
		2D613E493536F7346CE9FD9B /* [CP] Check Pods Manifest.lock */ = {
			isa = PBXShellScriptBuildPhase;
			buildActionMask = 2147483647;
			files = (
			);
			inputFileListPaths = (
			);
			inputPaths = (
				"${PODS_PODFILE_DIR_PATH}/Podfile.lock",
				"${PODS_ROOT}/Manifest.lock",
			);
			name = "[CP] Check Pods Manifest.lock";
			outputFileListPaths = (
			);
			outputPaths = (
				"$(DERIVED_FILE_DIR)/Pods-Weather-checkManifestLockResult.txt",
			);
			runOnlyForDeploymentPostprocessing = 0;
			shellPath = /bin/sh;
			shellScript = "diff \"${PODS_PODFILE_DIR_PATH}/Podfile.lock\" \"${PODS_ROOT}/Manifest.lock\" > /dev/null\nif [ $? != 0 ] ; then\n    # print error to STDERR\n    echo \"error: The sandbox is not in sync with the Podfile.lock. Run 'pod install' or update your CocoaPods installation.\" >&2\n    exit 1\nfi\n# This output is used by Xcode 'outputs' to avoid re-running this script phase.\necho \"SUCCESS\" > \"${SCRIPT_OUTPUT_FILE_0}\"\n";
			showEnvVarsInLog = 0;
		};
		F126FEB3857C1A072FB4978E /* [CP] Embed Pods Frameworks */ = {
			isa = PBXShellScriptBuildPhase;
			buildActionMask = 2147483647;
			files = (
			);
			inputFileListPaths = (
				"${PODS_ROOT}/Target Support Files/Pods-Weather/Pods-Weather-frameworks-${CONFIGURATION}-input-files.xcfilelist",
			);
			name = "[CP] Embed Pods Frameworks";
			outputFileListPaths = (
				"${PODS_ROOT}/Target Support Files/Pods-Weather/Pods-Weather-frameworks-${CONFIGURATION}-output-files.xcfilelist",
			);
			runOnlyForDeploymentPostprocessing = 0;
			shellPath = /bin/sh;
			shellScript = "\"${PODS_ROOT}/Target Support Files/Pods-Weather/Pods-Weather-frameworks.sh\"\n";
			showEnvVarsInLog = 0;
		};
/* End PBXShellScriptBuildPhase section */

/* Begin PBXSourcesBuildPhase section */
		A425BCC2260CCE43008A6207 /* Sources */ = {
			isa = PBXSourcesBuildPhase;
			buildActionMask = 2147483647;
			files = (
				A425BCCE260CCE43008A6207 /* MainViewController.swift in Sources */,
				A425BCCA260CCE43008A6207 /* AppDelegate.swift in Sources */,
				A425BCEE260CD0FF008A6207 /* CustomTextField.swift in Sources */,
				A425BCF2260CD4A5008A6207 /* WeatherResponse.swift in Sources */,
				A425BCEB260CCFF5008A6207 /* UIView+Extensions.swift in Sources */,
				A425BCF7260CD543008A6207 /* URLRequest+Extensions.swift in Sources */,
				A425BCE4260CCEAF008A6207 /* APIKey.swift in Sources */,
				A425BCCC260CCE43008A6207 /* SceneDelegate.swift in Sources */,
			);
			runOnlyForDeploymentPostprocessing = 0;
		};
/* End PBXSourcesBuildPhase section */

/* Begin PBXVariantGroup section */
		A425BCD4260CCE44008A6207 /* LaunchScreen.storyboard */ = {
			isa = PBXVariantGroup;
			children = (
				A425BCD5260CCE44008A6207 /* Base */,
			);
			name = LaunchScreen.storyboard;
			sourceTree = "<group>";
		};
/* End PBXVariantGroup section */

/* Begin XCBuildConfiguration section */
		A425BCD8260CCE44008A6207 /* Debug */ = {
			isa = XCBuildConfiguration;
			buildSettings = {
				ALWAYS_SEARCH_USER_PATHS = NO;
				CLANG_ANALYZER_NONNULL = YES;
				CLANG_ANALYZER_NUMBER_OBJECT_CONVERSION = YES_AGGRESSIVE;
				CLANG_CXX_LANGUAGE_STANDARD = "gnu++14";
				CLANG_CXX_LIBRARY = "libc++";
				CLANG_ENABLE_MODULES = YES;
				CLANG_ENABLE_OBJC_ARC = YES;
				CLANG_ENABLE_OBJC_WEAK = YES;
				CLANG_WARN_BLOCK_CAPTURE_AUTORELEASING = YES;
				CLANG_WARN_BOOL_CONVERSION = YES;
				CLANG_WARN_COMMA = YES;
				CLANG_WARN_CONSTANT_CONVERSION = YES;
				CLANG_WARN_DEPRECATED_OBJC_IMPLEMENTATIONS = YES;
				CLANG_WARN_DIRECT_OBJC_ISA_USAGE = YES_ERROR;
				CLANG_WARN_DOCUMENTATION_COMMENTS = YES;
				CLANG_WARN_EMPTY_BODY = YES;
				CLANG_WARN_ENUM_CONVERSION = YES;
				CLANG_WARN_INFINITE_RECURSION = YES;
				CLANG_WARN_INT_CONVERSION = YES;
				CLANG_WARN_NON_LITERAL_NULL_CONVERSION = YES;
				CLANG_WARN_OBJC_IMPLICIT_RETAIN_SELF = YES;
				CLANG_WARN_OBJC_LITERAL_CONVERSION = YES;
				CLANG_WARN_OBJC_ROOT_CLASS = YES_ERROR;
				CLANG_WARN_QUOTED_INCLUDE_IN_FRAMEWORK_HEADER = YES;
				CLANG_WARN_RANGE_LOOP_ANALYSIS = YES;
				CLANG_WARN_STRICT_PROTOTYPES = YES;
				CLANG_WARN_SUSPICIOUS_MOVE = YES;
				CLANG_WARN_UNGUARDED_AVAILABILITY = YES_AGGRESSIVE;
				CLANG_WARN_UNREACHABLE_CODE = YES;
				CLANG_WARN__DUPLICATE_METHOD_MATCH = YES;
				COPY_PHASE_STRIP = NO;
				DEBUG_INFORMATION_FORMAT = dwarf;
				ENABLE_STRICT_OBJC_MSGSEND = YES;
				ENABLE_TESTABILITY = YES;
				GCC_C_LANGUAGE_STANDARD = gnu11;
				GCC_DYNAMIC_NO_PIC = NO;
				GCC_NO_COMMON_BLOCKS = YES;
				GCC_OPTIMIZATION_LEVEL = 0;
				GCC_PREPROCESSOR_DEFINITIONS = (
					"DEBUG=1",
					"$(inherited)",
				);
				GCC_WARN_64_TO_32_BIT_CONVERSION = YES;
				GCC_WARN_ABOUT_RETURN_TYPE = YES_ERROR;
				GCC_WARN_UNDECLARED_SELECTOR = YES;
				GCC_WARN_UNINITIALIZED_AUTOS = YES_AGGRESSIVE;
				GCC_WARN_UNUSED_FUNCTION = YES;
				GCC_WARN_UNUSED_VARIABLE = YES;
				IPHONEOS_DEPLOYMENT_TARGET = 14.4;
				MTL_ENABLE_DEBUG_INFO = INCLUDE_SOURCE;
				MTL_FAST_MATH = YES;
				ONLY_ACTIVE_ARCH = YES;
				SDKROOT = iphoneos;
				SWIFT_ACTIVE_COMPILATION_CONDITIONS = DEBUG;
				SWIFT_OPTIMIZATION_LEVEL = "-Onone";
			};
			name = Debug;
		};
		A425BCD9260CCE44008A6207 /* Release */ = {
			isa = XCBuildConfiguration;
			buildSettings = {
				ALWAYS_SEARCH_USER_PATHS = NO;
				CLANG_ANALYZER_NONNULL = YES;
				CLANG_ANALYZER_NUMBER_OBJECT_CONVERSION = YES_AGGRESSIVE;
				CLANG_CXX_LANGUAGE_STANDARD = "gnu++14";
				CLANG_CXX_LIBRARY = "libc++";
				CLANG_ENABLE_MODULES = YES;
				CLANG_ENABLE_OBJC_ARC = YES;
				CLANG_ENABLE_OBJC_WEAK = YES;
				CLANG_WARN_BLOCK_CAPTURE_AUTORELEASING = YES;
				CLANG_WARN_BOOL_CONVERSION = YES;
				CLANG_WARN_COMMA = YES;
				CLANG_WARN_CONSTANT_CONVERSION = YES;
				CLANG_WARN_DEPRECATED_OBJC_IMPLEMENTATIONS = YES;
				CLANG_WARN_DIRECT_OBJC_ISA_USAGE = YES_ERROR;
				CLANG_WARN_DOCUMENTATION_COMMENTS = YES;
				CLANG_WARN_EMPTY_BODY = YES;
				CLANG_WARN_ENUM_CONVERSION = YES;
				CLANG_WARN_INFINITE_RECURSION = YES;
				CLANG_WARN_INT_CONVERSION = YES;
				CLANG_WARN_NON_LITERAL_NULL_CONVERSION = YES;
				CLANG_WARN_OBJC_IMPLICIT_RETAIN_SELF = YES;
				CLANG_WARN_OBJC_LITERAL_CONVERSION = YES;
				CLANG_WARN_OBJC_ROOT_CLASS = YES_ERROR;
				CLANG_WARN_QUOTED_INCLUDE_IN_FRAMEWORK_HEADER = YES;
				CLANG_WARN_RANGE_LOOP_ANALYSIS = YES;
				CLANG_WARN_STRICT_PROTOTYPES = YES;
				CLANG_WARN_SUSPICIOUS_MOVE = YES;
				CLANG_WARN_UNGUARDED_AVAILABILITY = YES_AGGRESSIVE;
				CLANG_WARN_UNREACHABLE_CODE = YES;
				CLANG_WARN__DUPLICATE_METHOD_MATCH = YES;
				COPY_PHASE_STRIP = NO;
				DEBUG_INFORMATION_FORMAT = "dwarf-with-dsym";
				ENABLE_NS_ASSERTIONS = NO;
				ENABLE_STRICT_OBJC_MSGSEND = YES;
				GCC_C_LANGUAGE_STANDARD = gnu11;
				GCC_NO_COMMON_BLOCKS = YES;
				GCC_WARN_64_TO_32_BIT_CONVERSION = YES;
				GCC_WARN_ABOUT_RETURN_TYPE = YES_ERROR;
				GCC_WARN_UNDECLARED_SELECTOR = YES;
				GCC_WARN_UNINITIALIZED_AUTOS = YES_AGGRESSIVE;
				GCC_WARN_UNUSED_FUNCTION = YES;
				GCC_WARN_UNUSED_VARIABLE = YES;
				IPHONEOS_DEPLOYMENT_TARGET = 14.4;
				MTL_ENABLE_DEBUG_INFO = NO;
				MTL_FAST_MATH = YES;
				SDKROOT = iphoneos;
				SWIFT_COMPILATION_MODE = wholemodule;
				SWIFT_OPTIMIZATION_LEVEL = "-O";
				VALIDATE_PRODUCT = YES;
			};
			name = Release;
		};
		A425BCDB260CCE44008A6207 /* Debug */ = {
			isa = XCBuildConfiguration;
			baseConfigurationReference = A72C3A49D4F7918DE252CF60 /* Pods-Weather.debug.xcconfig */;
			buildSettings = {
				ASSETCATALOG_COMPILER_APPICON_NAME = AppIcon;
				ASSETCATALOG_COMPILER_GLOBAL_ACCENT_COLOR_NAME = AccentColor;
				CODE_SIGN_STYLE = Automatic;
				DEVELOPMENT_TEAM = 6U769Q36UT;
				INFOPLIST_FILE = Weather/Info.plist;
				LD_RUNPATH_SEARCH_PATHS = (
					"$(inherited)",
					"@executable_path/Frameworks",
				);
				PRODUCT_BUNDLE_IDENTIFIER = net.aaronlab.Weather;
				PRODUCT_NAME = "$(TARGET_NAME)";
				SWIFT_VERSION = 5.0;
				TARGETED_DEVICE_FAMILY = "1,2";
			};
			name = Debug;
		};
		A425BCDC260CCE44008A6207 /* Release */ = {
			isa = XCBuildConfiguration;
			baseConfigurationReference = 8751D23E28EF19AC6723FBF2 /* Pods-Weather.release.xcconfig */;
			buildSettings = {
				ASSETCATALOG_COMPILER_APPICON_NAME = AppIcon;
				ASSETCATALOG_COMPILER_GLOBAL_ACCENT_COLOR_NAME = AccentColor;
				CODE_SIGN_STYLE = Automatic;
				DEVELOPMENT_TEAM = 6U769Q36UT;
				INFOPLIST_FILE = Weather/Info.plist;
				LD_RUNPATH_SEARCH_PATHS = (
					"$(inherited)",
					"@executable_path/Frameworks",
				);
				PRODUCT_BUNDLE_IDENTIFIER = net.aaronlab.Weather;
				PRODUCT_NAME = "$(TARGET_NAME)";
				SWIFT_VERSION = 5.0;
				TARGETED_DEVICE_FAMILY = "1,2";
			};
			name = Release;
		};
/* End XCBuildConfiguration section */

/* Begin XCConfigurationList section */
		A425BCC1260CCE43008A6207 /* Build configuration list for PBXProject "Weather" */ = {
			isa = XCConfigurationList;
			buildConfigurations = (
				A425BCD8260CCE44008A6207 /* Debug */,
				A425BCD9260CCE44008A6207 /* Release */,
			);
			defaultConfigurationIsVisible = 0;
			defaultConfigurationName = Release;
		};
		A425BCDA260CCE44008A6207 /* Build configuration list for PBXNativeTarget "Weather" */ = {
			isa = XCConfigurationList;
			buildConfigurations = (
				A425BCDB260CCE44008A6207 /* Debug */,
				A425BCDC260CCE44008A6207 /* Release */,
			);
			defaultConfigurationIsVisible = 0;
			defaultConfigurationName = Release;
		};
/* End XCConfigurationList section */
	};
	rootObject = A425BCBE260CCE43008A6207 /* Project object */;
}
