// !$*UTF8*$!
{
	archiveVersion = 1;
	classes = {
	};
	objectVersion = 52;
	objects = {

/* Begin PBXBuildFile section */
		A450A6882608CAED00BE8BFE /* AppDelegate.swift in Sources */ = {isa = PBXBuildFile; fileRef = A450A6872608CAED00BE8BFE /* AppDelegate.swift */; };
		A450A68A2608CAED00BE8BFE /* SceneDelegate.swift in Sources */ = {isa = PBXBuildFile; fileRef = A450A6892608CAED00BE8BFE /* SceneDelegate.swift */; };
		A450A68C2608CAED00BE8BFE /* ViewController.swift in Sources */ = {isa = PBXBuildFile; fileRef = A450A68B2608CAED00BE8BFE /* ViewController.swift */; };
		A450A68F2608CAED00BE8BFE /* Main.storyboard in Resources */ = {isa = PBXBuildFile; fileRef = A450A68D2608CAED00BE8BFE /* Main.storyboard */; };
		A450A6912608CAEF00BE8BFE /* Assets.xcassets in Resources */ = {isa = PBXBuildFile; fileRef = A450A6902608CAEF00BE8BFE /* Assets.xcassets */; };
		A450A6942608CAEF00BE8BFE /* LaunchScreen.storyboard in Resources */ = {isa = PBXBuildFile; fileRef = A450A6922608CAEF00BE8BFE /* LaunchScreen.storyboard */; };
		A450A6AA2608CBA200BE8BFE /* RxSwift in Frameworks */ = {isa = PBXBuildFile; productRef = A450A6A92608CBA200BE8BFE /* RxSwift */; };
/* End PBXBuildFile section */

/* Begin PBXFileReference section */
		A450A6842608CAED00BE8BFE /* Subjects.app */ = {isa = PBXFileReference; explicitFileType = wrapper.application; includeInIndex = 0; path = Subjects.app; sourceTree = BUILT_PRODUCTS_DIR; };
		A450A6872608CAED00BE8BFE /* AppDelegate.swift */ = {isa = PBXFileReference; lastKnownFileType = sourcecode.swift; path = AppDelegate.swift; sourceTree = "<group>"; };
		A450A6892608CAED00BE8BFE /* SceneDelegate.swift */ = {isa = PBXFileReference; lastKnownFileType = sourcecode.swift; path = SceneDelegate.swift; sourceTree = "<group>"; };
		A450A68B2608CAED00BE8BFE /* ViewController.swift */ = {isa = PBXFileReference; lastKnownFileType = sourcecode.swift; path = ViewController.swift; sourceTree = "<group>"; };
		A450A68E2608CAED00BE8BFE /* Base */ = {isa = PBXFileReference; lastKnownFileType = file.storyboard; name = Base; path = Base.lproj/Main.storyboard; sourceTree = "<group>"; };
		A450A6902608CAEF00BE8BFE /* Assets.xcassets */ = {isa = PBXFileReference; lastKnownFileType = folder.assetcatalog; path = Assets.xcassets; sourceTree = "<group>"; };
		A450A6932608CAEF00BE8BFE /* Base */ = {isa = PBXFileReference; lastKnownFileType = file.storyboard; name = Base; path = Base.lproj/LaunchScreen.storyboard; sourceTree = "<group>"; };
		A450A6952608CAEF00BE8BFE /* Info.plist */ = {isa = PBXFileReference; lastKnownFileType = text.plist.xml; path = Info.plist; sourceTree = "<group>"; };
		A450A69D2608CAFE00BE8BFE /* RxSwift */ = {isa = PBXFileReference; lastKnownFileType = folder; name = RxSwift; path = ../RxSwift; sourceTree = "<group>"; };
		A450A6AE2608CBEA00BE8BFE /* PublishSubjects.playground */ = {isa = PBXFileReference; lastKnownFileType = file.playground; path = PublishSubjects.playground; sourceTree = "<group>"; xcLanguageSpecificationIdentifier = xcode.lang.swift; };
		A450A6B12608CE1600BE8BFE /* BehaviorSubjects.playground */ = {isa = PBXFileReference; lastKnownFileType = file.playground; path = BehaviorSubjects.playground; sourceTree = "<group>"; xcLanguageSpecificationIdentifier = xcode.lang.swift; };
/* End PBXFileReference section */

/* Begin PBXFrameworksBuildPhase section */
		A450A6812608CAED00BE8BFE /* Frameworks */ = {
			isa = PBXFrameworksBuildPhase;
			buildActionMask = 2147483647;
			files = (
				A450A6AA2608CBA200BE8BFE /* RxSwift in Frameworks */,
			);
			runOnlyForDeploymentPostprocessing = 0;
		};
/* End PBXFrameworksBuildPhase section */

/* Begin PBXGroup section */
		A450A67B2608CAED00BE8BFE = {
			isa = PBXGroup;
			children = (
				A450A6862608CAED00BE8BFE /* Subjects */,
				A450A6852608CAED00BE8BFE /* Products */,
				A450A69C2608CAFE00BE8BFE /* Frameworks */,
			);
			sourceTree = "<group>";
		};
		A450A6852608CAED00BE8BFE /* Products */ = {
			isa = PBXGroup;
			children = (
				A450A6842608CAED00BE8BFE /* Subjects.app */,
			);
			name = Products;
			sourceTree = "<group>";
		};
		A450A6862608CAED00BE8BFE /* Subjects */ = {
			isa = PBXGroup;
			children = (
				A450A6872608CAED00BE8BFE /* AppDelegate.swift */,
				A450A6892608CAED00BE8BFE /* SceneDelegate.swift */,
				A450A68B2608CAED00BE8BFE /* ViewController.swift */,
				A450A68D2608CAED00BE8BFE /* Main.storyboard */,
				A450A6902608CAEF00BE8BFE /* Assets.xcassets */,
				A450A6922608CAEF00BE8BFE /* LaunchScreen.storyboard */,
				A450A6952608CAEF00BE8BFE /* Info.plist */,
				A450A6AE2608CBEA00BE8BFE /* PublishSubjects.playground */,
				A450A6B12608CE1600BE8BFE /* BehaviorSubjects.playground */,
			);
			path = Subjects;
			sourceTree = "<group>";
		};
		A450A69C2608CAFE00BE8BFE /* Frameworks */ = {
			isa = PBXGroup;
			children = (
				A450A69D2608CAFE00BE8BFE /* RxSwift */,
			);
			name = Frameworks;
			sourceTree = "<group>";
		};
/* End PBXGroup section */

/* Begin PBXNativeTarget section */
		A450A6832608CAED00BE8BFE /* Subjects */ = {
			isa = PBXNativeTarget;
			buildConfigurationList = A450A6982608CAEF00BE8BFE /* Build configuration list for PBXNativeTarget "Subjects" */;
			buildPhases = (
				A450A6802608CAED00BE8BFE /* Sources */,
				A450A6812608CAED00BE8BFE /* Frameworks */,
				A450A6822608CAED00BE8BFE /* Resources */,
			);
			buildRules = (
			);
			dependencies = (
			);
			name = Subjects;
			packageProductDependencies = (
				A450A6A92608CBA200BE8BFE /* RxSwift */,
			);
			productName = Subjects;
			productReference = A450A6842608CAED00BE8BFE /* Subjects.app */;
			productType = "com.apple.product-type.application";
		};
/* End PBXNativeTarget section */

/* Begin PBXProject section */
		A450A67C2608CAED00BE8BFE /* Project object */ = {
			isa = PBXProject;
			attributes = {
				LastSwiftUpdateCheck = 1240;
				LastUpgradeCheck = 1240;
				TargetAttributes = {
					A450A6832608CAED00BE8BFE = {
						CreatedOnToolsVersion = 12.4;
					};
				};
			};
			buildConfigurationList = A450A67F2608CAED00BE8BFE /* Build configuration list for PBXProject "Subjects" */;
			compatibilityVersion = "Xcode 9.3";
			developmentRegion = en;
			hasScannedForEncodings = 0;
			knownRegions = (
				en,
				Base,
			);
			mainGroup = A450A67B2608CAED00BE8BFE;
			productRefGroup = A450A6852608CAED00BE8BFE /* Products */;
			projectDirPath = "";
			projectRoot = "";
			targets = (
				A450A6832608CAED00BE8BFE /* Subjects */,
			);
		};
/* End PBXProject section */

/* Begin PBXResourcesBuildPhase section */
		A450A6822608CAED00BE8BFE /* Resources */ = {
			isa = PBXResourcesBuildPhase;
			buildActionMask = 2147483647;
			files = (
				A450A6942608CAEF00BE8BFE /* LaunchScreen.storyboard in Resources */,
				A450A6912608CAEF00BE8BFE /* Assets.xcassets in Resources */,
				A450A68F2608CAED00BE8BFE /* Main.storyboard in Resources */,
			);
			runOnlyForDeploymentPostprocessing = 0;
		};
/* End PBXResourcesBuildPhase section */

/* Begin PBXSourcesBuildPhase section */
		A450A6802608CAED00BE8BFE /* Sources */ = {
			isa = PBXSourcesBuildPhase;
			buildActionMask = 2147483647;
			files = (
				A450A68C2608CAED00BE8BFE /* ViewController.swift in Sources */,
				A450A6882608CAED00BE8BFE /* AppDelegate.swift in Sources */,
				A450A68A2608CAED00BE8BFE /* SceneDelegate.swift in Sources */,
			);
			runOnlyForDeploymentPostprocessing = 0;
		};
/* End PBXSourcesBuildPhase section */

/* Begin PBXVariantGroup section */
		A450A68D2608CAED00BE8BFE /* Main.storyboard */ = {
			isa = PBXVariantGroup;
			children = (
				A450A68E2608CAED00BE8BFE /* Base */,
			);
			name = Main.storyboard;
			sourceTree = "<group>";
		};
		A450A6922608CAEF00BE8BFE /* LaunchScreen.storyboard */ = {
			isa = PBXVariantGroup;
			children = (
				A450A6932608CAEF00BE8BFE /* Base */,
			);
			name = LaunchScreen.storyboard;
			sourceTree = "<group>";
		};
/* End PBXVariantGroup section */

/* Begin XCBuildConfiguration section */
		A450A6962608CAEF00BE8BFE /* Debug */ = {
			isa = XCBuildConfiguration;
			buildSettings = {
				ALWAYS_SEARCH_USER_PATHS = NO;
				CLANG_ANALYZER_NONNULL = YES;
				CLANG_ANALYZER_NUMBER_OBJECT_CONVERSION = YES_AGGRESSIVE;
				CLANG_CXX_LANGUAGE_STANDARD = "gnu++14";
				CLANG_CXX_LIBRARY = "libc++";
				CLANG_ENABLE_MODULES = YES;
				CLANG_ENABLE_OBJC_ARC = YES;
				CLANG_ENABLE_OBJC_WEAK = YES;
				CLANG_WARN_BLOCK_CAPTURE_AUTORELEASING = YES;
				CLANG_WARN_BOOL_CONVERSION = YES;
				CLANG_WARN_COMMA = YES;
				CLANG_WARN_CONSTANT_CONVERSION = YES;
				CLANG_WARN_DEPRECATED_OBJC_IMPLEMENTATIONS = YES;
				CLANG_WARN_DIRECT_OBJC_ISA_USAGE = YES_ERROR;
				CLANG_WARN_DOCUMENTATION_COMMENTS = YES;
				CLANG_WARN_EMPTY_BODY = YES;
				CLANG_WARN_ENUM_CONVERSION = YES;
				CLANG_WARN_INFINITE_RECURSION = YES;
				CLANG_WARN_INT_CONVERSION = YES;
				CLANG_WARN_NON_LITERAL_NULL_CONVERSION = YES;
				CLANG_WARN_OBJC_IMPLICIT_RETAIN_SELF = YES;
				CLANG_WARN_OBJC_LITERAL_CONVERSION = YES;
				CLANG_WARN_OBJC_ROOT_CLASS = YES_ERROR;
				CLANG_WARN_QUOTED_INCLUDE_IN_FRAMEWORK_HEADER = YES;
				CLANG_WARN_RANGE_LOOP_ANALYSIS = YES;
				CLANG_WARN_STRICT_PROTOTYPES = YES;
				CLANG_WARN_SUSPICIOUS_MOVE = YES;
				CLANG_WARN_UNGUARDED_AVAILABILITY = YES_AGGRESSIVE;
				CLANG_WARN_UNREACHABLE_CODE = YES;
				CLANG_WARN__DUPLICATE_METHOD_MATCH = YES;
				COPY_PHASE_STRIP = NO;
				DEBUG_INFORMATION_FORMAT = dwarf;
				ENABLE_STRICT_OBJC_MSGSEND = YES;
				ENABLE_TESTABILITY = YES;
				GCC_C_LANGUAGE_STANDARD = gnu11;
				GCC_DYNAMIC_NO_PIC = NO;
				GCC_NO_COMMON_BLOCKS = YES;
				GCC_OPTIMIZATION_LEVEL = 0;
				GCC_PREPROCESSOR_DEFINITIONS = (
					"DEBUG=1",
					"$(inherited)",
				);
				GCC_WARN_64_TO_32_BIT_CONVERSION = YES;
				GCC_WARN_ABOUT_RETURN_TYPE = YES_ERROR;
				GCC_WARN_UNDECLARED_SELECTOR = YES;
				GCC_WARN_UNINITIALIZED_AUTOS = YES_AGGRESSIVE;
				GCC_WARN_UNUSED_FUNCTION = YES;
				GCC_WARN_UNUSED_VARIABLE = YES;
				IPHONEOS_DEPLOYMENT_TARGET = 14.4;
				MTL_ENABLE_DEBUG_INFO = INCLUDE_SOURCE;
				MTL_FAST_MATH = YES;
				ONLY_ACTIVE_ARCH = YES;
				SDKROOT = iphoneos;
				SWIFT_ACTIVE_COMPILATION_CONDITIONS = DEBUG;
				SWIFT_OPTIMIZATION_LEVEL = "-Onone";
			};
			name = Debug;
		};
		A450A6972608CAEF00BE8BFE /* Release */ = {
			isa = XCBuildConfiguration;
			buildSettings = {
				ALWAYS_SEARCH_USER_PATHS = NO;
				CLANG_ANALYZER_NONNULL = YES;
				CLANG_ANALYZER_NUMBER_OBJECT_CONVERSION = YES_AGGRESSIVE;
				CLANG_CXX_LANGUAGE_STANDARD = "gnu++14";
				CLANG_CXX_LIBRARY = "libc++";
				CLANG_ENABLE_MODULES = YES;
				CLANG_ENABLE_OBJC_ARC = YES;
				CLANG_ENABLE_OBJC_WEAK = YES;
				CLANG_WARN_BLOCK_CAPTURE_AUTORELEASING = YES;
				CLANG_WARN_BOOL_CONVERSION = YES;
				CLANG_WARN_COMMA = YES;
				CLANG_WARN_CONSTANT_CONVERSION = YES;
				CLANG_WARN_DEPRECATED_OBJC_IMPLEMENTATIONS = YES;
				CLANG_WARN_DIRECT_OBJC_ISA_USAGE = YES_ERROR;
				CLANG_WARN_DOCUMENTATION_COMMENTS = YES;
				CLANG_WARN_EMPTY_BODY = YES;
				CLANG_WARN_ENUM_CONVERSION = YES;
				CLANG_WARN_INFINITE_RECURSION = YES;
				CLANG_WARN_INT_CONVERSION = YES;
				CLANG_WARN_NON_LITERAL_NULL_CONVERSION = YES;
				CLANG_WARN_OBJC_IMPLICIT_RETAIN_SELF = YES;
				CLANG_WARN_OBJC_LITERAL_CONVERSION = YES;
				CLANG_WARN_OBJC_ROOT_CLASS = YES_ERROR;
				CLANG_WARN_QUOTED_INCLUDE_IN_FRAMEWORK_HEADER = YES;
				CLANG_WARN_RANGE_LOOP_ANALYSIS = YES;
				CLANG_WARN_STRICT_PROTOTYPES = YES;
				CLANG_WARN_SUSPICIOUS_MOVE = YES;
				CLANG_WARN_UNGUARDED_AVAILABILITY = YES_AGGRESSIVE;
				CLANG_WARN_UNREACHABLE_CODE = YES;
				CLANG_WARN__DUPLICATE_METHOD_MATCH = YES;
				COPY_PHASE_STRIP = NO;
				DEBUG_INFORMATION_FORMAT = "dwarf-with-dsym";
				ENABLE_NS_ASSERTIONS = NO;
				ENABLE_STRICT_OBJC_MSGSEND = YES;
				GCC_C_LANGUAGE_STANDARD = gnu11;
				GCC_NO_COMMON_BLOCKS = YES;
				GCC_WARN_64_TO_32_BIT_CONVERSION = YES;
				GCC_WARN_ABOUT_RETURN_TYPE = YES_ERROR;
				GCC_WARN_UNDECLARED_SELECTOR = YES;
				GCC_WARN_UNINITIALIZED_AUTOS = YES_AGGRESSIVE;
				GCC_WARN_UNUSED_FUNCTION = YES;
				GCC_WARN_UNUSED_VARIABLE = YES;
				IPHONEOS_DEPLOYMENT_TARGET = 14.4;
				MTL_ENABLE_DEBUG_INFO = NO;
				MTL_FAST_MATH = YES;
				SDKROOT = iphoneos;
				SWIFT_COMPILATION_MODE = wholemodule;
				SWIFT_OPTIMIZATION_LEVEL = "-O";
				VALIDATE_PRODUCT = YES;
			};
			name = Release;
		};
		A450A6992608CAEF00BE8BFE /* Debug */ = {
			isa = XCBuildConfiguration;
			buildSettings = {
				ASSETCATALOG_COMPILER_APPICON_NAME = AppIcon;
				ASSETCATALOG_COMPILER_GLOBAL_ACCENT_COLOR_NAME = AccentColor;
				CODE_SIGN_STYLE = Automatic;
				DEVELOPMENT_TEAM = 6U769Q36UT;
				INFOPLIST_FILE = Subjects/Info.plist;
				LD_RUNPATH_SEARCH_PATHS = (
					"$(inherited)",
					"@executable_path/Frameworks",
				);
				PRODUCT_BUNDLE_IDENTIFIER = net.aaronlab.Subjects;
				PRODUCT_NAME = "$(TARGET_NAME)";
				SWIFT_VERSION = 5.0;
				TARGETED_DEVICE_FAMILY = "1,2";
			};
			name = Debug;
		};
		A450A69A2608CAEF00BE8BFE /* Release */ = {
			isa = XCBuildConfiguration;
			buildSettings = {
				ASSETCATALOG_COMPILER_APPICON_NAME = AppIcon;
				ASSETCATALOG_COMPILER_GLOBAL_ACCENT_COLOR_NAME = AccentColor;
				CODE_SIGN_STYLE = Automatic;
				DEVELOPMENT_TEAM = 6U769Q36UT;
				INFOPLIST_FILE = Subjects/Info.plist;
				LD_RUNPATH_SEARCH_PATHS = (
					"$(inherited)",
					"@executable_path/Frameworks",
				);
				PRODUCT_BUNDLE_IDENTIFIER = net.aaronlab.Subjects;
				PRODUCT_NAME = "$(TARGET_NAME)";
				SWIFT_VERSION = 5.0;
				TARGETED_DEVICE_FAMILY = "1,2";
			};
			name = Release;
		};
/* End XCBuildConfiguration section */

/* Begin XCConfigurationList section */
		A450A67F2608CAED00BE8BFE /* Build configuration list for PBXProject "Subjects" */ = {
			isa = XCConfigurationList;
			buildConfigurations = (
				A450A6962608CAEF00BE8BFE /* Debug */,
				A450A6972608CAEF00BE8BFE /* Release */,
			);
			defaultConfigurationIsVisible = 0;
			defaultConfigurationName = Release;
		};
		A450A6982608CAEF00BE8BFE /* Build configuration list for PBXNativeTarget "Subjects" */ = {
			isa = XCConfigurationList;
			buildConfigurations = (
				A450A6992608CAEF00BE8BFE /* Debug */,
				A450A69A2608CAEF00BE8BFE /* Release */,
			);
			defaultConfigurationIsVisible = 0;
			defaultConfigurationName = Release;
		};
/* End XCConfigurationList section */

/* Begin XCSwiftPackageProductDependency section */
		A450A6A92608CBA200BE8BFE /* RxSwift */ = {
			isa = XCSwiftPackageProductDependency;
			productName = RxSwift;
		};
/* End XCSwiftPackageProductDependency section */
	};
	rootObject = A450A67C2608CAED00BE8BFE /* Project object */;
}
