// !$*UTF8*$!
{
	archiveVersion = 1;
	classes = {
	};
	objectVersion = 51;
	objects = {

/* Begin PBXBuildFile section */
		A453FB7A260F2F9B009055D8 /* AppDelegate.swift in Sources */ = {isa = PBXBuildFile; fileRef = A453FB79260F2F9B009055D8 /* AppDelegate.swift */; };
		A453FB7C260F2F9B009055D8 /* SceneDelegate.swift in Sources */ = {isa = PBXBuildFile; fileRef = A453FB7B260F2F9B009055D8 /* SceneDelegate.swift */; };
		A453FB83260F2F9C009055D8 /* Assets.xcassets in Resources */ = {isa = PBXBuildFile; fileRef = A453FB82260F2F9C009055D8 /* Assets.xcassets */; };
		A453FB86260F2F9C009055D8 /* LaunchScreen.storyboard in Resources */ = {isa = PBXBuildFile; fileRef = A453FB84260F2F9C009055D8 /* LaunchScreen.storyboard */; };
		A453FBA4260F30AA009055D8 /* MainViewController.swift in Sources */ = {isa = PBXBuildFile; fileRef = A453FBA3260F30AA009055D8 /* MainViewController.swift */; };
		A453FBA9260F3216009055D8 /* UIView+Extensions.swift in Sources */ = {isa = PBXBuildFile; fileRef = A453FBA8260F3216009055D8 /* UIView+Extensions.swift */; };
		A453FBAC260F323C009055D8 /* APIKey.swift in Sources */ = {isa = PBXBuildFile; fileRef = A453FBAB260F323C009055D8 /* APIKey.swift */; };
		A453FBB0260F332E009055D8 /* Article.swift in Sources */ = {isa = PBXBuildFile; fileRef = A453FBAF260F332E009055D8 /* Article.swift */; };
		A453FBB3260F339F009055D8 /* URLRequest+Extensions.swift in Sources */ = {isa = PBXBuildFile; fileRef = A453FBB2260F339F009055D8 /* URLRequest+Extensions.swift */; };
		F2B6CC70D8ECC32BDDCA004E /* Pods_News.framework in Frameworks */ = {isa = PBXBuildFile; fileRef = 3EF8AFBF63D4ED0707AAB341 /* Pods_News.framework */; };
/* End PBXBuildFile section */

/* Begin PBXFileReference section */
		3EF8AFBF63D4ED0707AAB341 /* Pods_News.framework */ = {isa = PBXFileReference; explicitFileType = wrapper.framework; includeInIndex = 0; path = Pods_News.framework; sourceTree = BUILT_PRODUCTS_DIR; };
		6BEAA8FE8364896993520923 /* Pods-News.release.xcconfig */ = {isa = PBXFileReference; includeInIndex = 1; lastKnownFileType = text.xcconfig; name = "Pods-News.release.xcconfig"; path = "Target Support Files/Pods-News/Pods-News.release.xcconfig"; sourceTree = "<group>"; };
		8ABCD6C89834B58F14914322 /* Pods-News.debug.xcconfig */ = {isa = PBXFileReference; includeInIndex = 1; lastKnownFileType = text.xcconfig; name = "Pods-News.debug.xcconfig"; path = "Target Support Files/Pods-News/Pods-News.debug.xcconfig"; sourceTree = "<group>"; };
		A453FB76260F2F9B009055D8 /* News.app */ = {isa = PBXFileReference; explicitFileType = wrapper.application; includeInIndex = 0; path = News.app; sourceTree = BUILT_PRODUCTS_DIR; };
		A453FB79260F2F9B009055D8 /* AppDelegate.swift */ = {isa = PBXFileReference; lastKnownFileType = sourcecode.swift; path = AppDelegate.swift; sourceTree = "<group>"; };
		A453FB7B260F2F9B009055D8 /* SceneDelegate.swift */ = {isa = PBXFileReference; lastKnownFileType = sourcecode.swift; path = SceneDelegate.swift; sourceTree = "<group>"; };
		A453FB82260F2F9C009055D8 /* Assets.xcassets */ = {isa = PBXFileReference; lastKnownFileType = folder.assetcatalog; path = Assets.xcassets; sourceTree = "<group>"; };
		A453FB85260F2F9C009055D8 /* Base */ = {isa = PBXFileReference; lastKnownFileType = file.storyboard; name = Base; path = Base.lproj/LaunchScreen.storyboard; sourceTree = "<group>"; };
		A453FB87260F2F9C009055D8 /* Info.plist */ = {isa = PBXFileReference; lastKnownFileType = text.plist.xml; path = Info.plist; sourceTree = "<group>"; };
		A453FBA3260F30AA009055D8 /* MainViewController.swift */ = {isa = PBXFileReference; lastKnownFileType = sourcecode.swift; path = MainViewController.swift; sourceTree = "<group>"; };
		A453FBA8260F3216009055D8 /* UIView+Extensions.swift */ = {isa = PBXFileReference; lastKnownFileType = sourcecode.swift; path = "UIView+Extensions.swift"; sourceTree = "<group>"; };
		A453FBAB260F323C009055D8 /* APIKey.swift */ = {isa = PBXFileReference; lastKnownFileType = sourcecode.swift; path = APIKey.swift; sourceTree = "<group>"; };
		A453FBAF260F332E009055D8 /* Article.swift */ = {isa = PBXFileReference; lastKnownFileType = sourcecode.swift; path = Article.swift; sourceTree = "<group>"; };
		A453FBB2260F339F009055D8 /* URLRequest+Extensions.swift */ = {isa = PBXFileReference; lastKnownFileType = sourcecode.swift; path = "URLRequest+Extensions.swift"; sourceTree = "<group>"; };
/* End PBXFileReference section */

/* Begin PBXFrameworksBuildPhase section */
		A453FB73260F2F9B009055D8 /* Frameworks */ = {
			isa = PBXFrameworksBuildPhase;
			buildActionMask = 2147483647;
			files = (
				F2B6CC70D8ECC32BDDCA004E /* Pods_News.framework in Frameworks */,
			);
			runOnlyForDeploymentPostprocessing = 0;
		};
/* End PBXFrameworksBuildPhase section */

/* Begin PBXGroup section */
		A453FB6D260F2F9B009055D8 = {
			isa = PBXGroup;
			children = (
				A453FB78260F2F9B009055D8 /* News */,
				A453FB77260F2F9B009055D8 /* Products */,
				CEC9F4E66F5C049F0E0D1A4B /* Pods */,
				BF649EC153208ACEC0170F25 /* Frameworks */,
			);
			sourceTree = "<group>";
		};
		A453FB77260F2F9B009055D8 /* Products */ = {
			isa = PBXGroup;
			children = (
				A453FB76260F2F9B009055D8 /* News.app */,
			);
			name = Products;
			sourceTree = "<group>";
		};
		A453FB78260F2F9B009055D8 /* News */ = {
			isa = PBXGroup;
			children = (
				A453FB9E260F3076009055D8 /* Application */,
				A453FBA1260F308C009055D8 /* ViewModels */,
				A453FB9F260F307E009055D8 /* Views */,
				A453FBA0260F3088009055D8 /* Models */,
				A453FBA7260F3200009055D8 /* Extensions */,
			);
			path = News;
			sourceTree = "<group>";
		};
		A453FB9E260F3076009055D8 /* Application */ = {
			isa = PBXGroup;
			children = (
				A453FB79260F2F9B009055D8 /* AppDelegate.swift */,
				A453FB7B260F2F9B009055D8 /* SceneDelegate.swift */,
				A453FB82260F2F9C009055D8 /* Assets.xcassets */,
				A453FB84260F2F9C009055D8 /* LaunchScreen.storyboard */,
				A453FB87260F2F9C009055D8 /* Info.plist */,
				A453FBAB260F323C009055D8 /* APIKey.swift */,
			);
			name = Application;
			sourceTree = "<group>";
		};
		A453FB9F260F307E009055D8 /* Views */ = {
			isa = PBXGroup;
			children = (
				A453FBA2260F309C009055D8 /* Main */,
			);
			path = Views;
			sourceTree = "<group>";
		};
		A453FBA0260F3088009055D8 /* Models */ = {
			isa = PBXGroup;
			children = (
				A453FBAF260F332E009055D8 /* Article.swift */,
			);
			path = Models;
			sourceTree = "<group>";
		};
		A453FBA1260F308C009055D8 /* ViewModels */ = {
			isa = PBXGroup;
			children = (
			);
			path = ViewModels;
			sourceTree = "<group>";
		};
		A453FBA2260F309C009055D8 /* Main */ = {
			isa = PBXGroup;
			children = (
				A453FBA3260F30AA009055D8 /* MainViewController.swift */,
			);
			path = Main;
			sourceTree = "<group>";
		};
		A453FBA7260F3200009055D8 /* Extensions */ = {
			isa = PBXGroup;
			children = (
				A453FBA8260F3216009055D8 /* UIView+Extensions.swift */,
				A453FBB2260F339F009055D8 /* URLRequest+Extensions.swift */,
			);
			path = Extensions;
			sourceTree = "<group>";
		};
		BF649EC153208ACEC0170F25 /* Frameworks */ = {
			isa = PBXGroup;
			children = (
				3EF8AFBF63D4ED0707AAB341 /* Pods_News.framework */,
			);
			name = Frameworks;
			sourceTree = "<group>";
		};
		CEC9F4E66F5C049F0E0D1A4B /* Pods */ = {
			isa = PBXGroup;
			children = (
				8ABCD6C89834B58F14914322 /* Pods-News.debug.xcconfig */,
				6BEAA8FE8364896993520923 /* Pods-News.release.xcconfig */,
			);
			path = Pods;
			sourceTree = "<group>";
		};
/* End PBXGroup section */

/* Begin PBXNativeTarget section */
		A453FB75260F2F9B009055D8 /* News */ = {
			isa = PBXNativeTarget;
			buildConfigurationList = A453FB8A260F2F9C009055D8 /* Build configuration list for PBXNativeTarget "News" */;
			buildPhases = (
				A2A65BF5FD66D1EBB1DC0B01 /* [CP] Check Pods Manifest.lock */,
				A453FB72260F2F9B009055D8 /* Sources */,
				A453FB73260F2F9B009055D8 /* Frameworks */,
				A453FB74260F2F9B009055D8 /* Resources */,
				4A72D9DE327A9AEB2A2F71C2 /* [CP] Embed Pods Frameworks */,
			);
			buildRules = (
			);
			dependencies = (
			);
			name = News;
			productName = News;
			productReference = A453FB76260F2F9B009055D8 /* News.app */;
			productType = "com.apple.product-type.application";
		};
/* End PBXNativeTarget section */

/* Begin PBXProject section */
		A453FB6E260F2F9B009055D8 /* Project object */ = {
			isa = PBXProject;
			attributes = {
				LastSwiftUpdateCheck = 1240;
				LastUpgradeCheck = 1240;
				TargetAttributes = {
					A453FB75260F2F9B009055D8 = {
						CreatedOnToolsVersion = 12.4;
					};
				};
			};
			buildConfigurationList = A453FB71260F2F9B009055D8 /* Build configuration list for PBXProject "News" */;
			compatibilityVersion = "Xcode 9.3";
			developmentRegion = en;
			hasScannedForEncodings = 0;
			knownRegions = (
				en,
				Base,
			);
			mainGroup = A453FB6D260F2F9B009055D8;
			productRefGroup = A453FB77260F2F9B009055D8 /* Products */;
			projectDirPath = "";
			projectRoot = "";
			targets = (
				A453FB75260F2F9B009055D8 /* News */,
			);
		};
/* End PBXProject section */

/* Begin PBXResourcesBuildPhase section */
		A453FB74260F2F9B009055D8 /* Resources */ = {
			isa = PBXResourcesBuildPhase;
			buildActionMask = 2147483647;
			files = (
				A453FB86260F2F9C009055D8 /* LaunchScreen.storyboard in Resources */,
				A453FB83260F2F9C009055D8 /* Assets.xcassets in Resources */,
			);
			runOnlyForDeploymentPostprocessing = 0;
		};
/* End PBXResourcesBuildPhase section */

/* Begin PBXShellScriptBuildPhase section */
		4A72D9DE327A9AEB2A2F71C2 /* [CP] Embed Pods Frameworks */ = {
			isa = PBXShellScriptBuildPhase;
			buildActionMask = 2147483647;
			files = (
			);
			inputFileListPaths = (
				"${PODS_ROOT}/Target Support Files/Pods-News/Pods-News-frameworks-${CONFIGURATION}-input-files.xcfilelist",
			);
			name = "[CP] Embed Pods Frameworks";
			outputFileListPaths = (
				"${PODS_ROOT}/Target Support Files/Pods-News/Pods-News-frameworks-${CONFIGURATION}-output-files.xcfilelist",
			);
			runOnlyForDeploymentPostprocessing = 0;
			shellPath = /bin/sh;
			shellScript = "\"${PODS_ROOT}/Target Support Files/Pods-News/Pods-News-frameworks.sh\"\n";
			showEnvVarsInLog = 0;
		};
		A2A65BF5FD66D1EBB1DC0B01 /* [CP] Check Pods Manifest.lock */ = {
			isa = PBXShellScriptBuildPhase;
			buildActionMask = 2147483647;
			files = (
			);
			inputFileListPaths = (
			);
			inputPaths = (
				"${PODS_PODFILE_DIR_PATH}/Podfile.lock",
				"${PODS_ROOT}/Manifest.lock",
			);
			name = "[CP] Check Pods Manifest.lock";
			outputFileListPaths = (
			);
			outputPaths = (
				"$(DERIVED_FILE_DIR)/Pods-News-checkManifestLockResult.txt",
			);
			runOnlyForDeploymentPostprocessing = 0;
			shellPath = /bin/sh;
			shellScript = "diff \"${PODS_PODFILE_DIR_PATH}/Podfile.lock\" \"${PODS_ROOT}/Manifest.lock\" > /dev/null\nif [ $? != 0 ] ; then\n    # print error to STDERR\n    echo \"error: The sandbox is not in sync with the Podfile.lock. Run 'pod install' or update your CocoaPods installation.\" >&2\n    exit 1\nfi\n# This output is used by Xcode 'outputs' to avoid re-running this script phase.\necho \"SUCCESS\" > \"${SCRIPT_OUTPUT_FILE_0}\"\n";
			showEnvVarsInLog = 0;
		};
/* End PBXShellScriptBuildPhase section */

/* Begin PBXSourcesBuildPhase section */
		A453FB72260F2F9B009055D8 /* Sources */ = {
			isa = PBXSourcesBuildPhase;
			buildActionMask = 2147483647;
			files = (
				A453FBA4260F30AA009055D8 /* MainViewController.swift in Sources */,
				A453FB7A260F2F9B009055D8 /* AppDelegate.swift in Sources */,
				A453FBB0260F332E009055D8 /* Article.swift in Sources */,
				A453FBA9260F3216009055D8 /* UIView+Extensions.swift in Sources */,
				A453FBB3260F339F009055D8 /* URLRequest+Extensions.swift in Sources */,
				A453FB7C260F2F9B009055D8 /* SceneDelegate.swift in Sources */,
				A453FBAC260F323C009055D8 /* APIKey.swift in Sources */,
			);
			runOnlyForDeploymentPostprocessing = 0;
		};
/* End PBXSourcesBuildPhase section */

/* Begin PBXVariantGroup section */
		A453FB84260F2F9C009055D8 /* LaunchScreen.storyboard */ = {
			isa = PBXVariantGroup;
			children = (
				A453FB85260F2F9C009055D8 /* Base */,
			);
			name = LaunchScreen.storyboard;
			sourceTree = "<group>";
		};
/* End PBXVariantGroup section */

/* Begin XCBuildConfiguration section */
		A453FB88260F2F9C009055D8 /* Debug */ = {
			isa = XCBuildConfiguration;
			buildSettings = {
				ALWAYS_SEARCH_USER_PATHS = NO;
				CLANG_ANALYZER_NONNULL = YES;
				CLANG_ANALYZER_NUMBER_OBJECT_CONVERSION = YES_AGGRESSIVE;
				CLANG_CXX_LANGUAGE_STANDARD = "gnu++14";
				CLANG_CXX_LIBRARY = "libc++";
				CLANG_ENABLE_MODULES = YES;
				CLANG_ENABLE_OBJC_ARC = YES;
				CLANG_ENABLE_OBJC_WEAK = YES;
				CLANG_WARN_BLOCK_CAPTURE_AUTORELEASING = YES;
				CLANG_WARN_BOOL_CONVERSION = YES;
				CLANG_WARN_COMMA = YES;
				CLANG_WARN_CONSTANT_CONVERSION = YES;
				CLANG_WARN_DEPRECATED_OBJC_IMPLEMENTATIONS = YES;
				CLANG_WARN_DIRECT_OBJC_ISA_USAGE = YES_ERROR;
				CLANG_WARN_DOCUMENTATION_COMMENTS = YES;
				CLANG_WARN_EMPTY_BODY = YES;
				CLANG_WARN_ENUM_CONVERSION = YES;
				CLANG_WARN_INFINITE_RECURSION = YES;
				CLANG_WARN_INT_CONVERSION = YES;
				CLANG_WARN_NON_LITERAL_NULL_CONVERSION = YES;
				CLANG_WARN_OBJC_IMPLICIT_RETAIN_SELF = YES;
				CLANG_WARN_OBJC_LITERAL_CONVERSION = YES;
				CLANG_WARN_OBJC_ROOT_CLASS = YES_ERROR;
				CLANG_WARN_QUOTED_INCLUDE_IN_FRAMEWORK_HEADER = YES;
				CLANG_WARN_RANGE_LOOP_ANALYSIS = YES;
				CLANG_WARN_STRICT_PROTOTYPES = YES;
				CLANG_WARN_SUSPICIOUS_MOVE = YES;
				CLANG_WARN_UNGUARDED_AVAILABILITY = YES_AGGRESSIVE;
				CLANG_WARN_UNREACHABLE_CODE = YES;
				CLANG_WARN__DUPLICATE_METHOD_MATCH = YES;
				COPY_PHASE_STRIP = NO;
				DEBUG_INFORMATION_FORMAT = dwarf;
				ENABLE_STRICT_OBJC_MSGSEND = YES;
				ENABLE_TESTABILITY = YES;
				GCC_C_LANGUAGE_STANDARD = gnu11;
				GCC_DYNAMIC_NO_PIC = NO;
				GCC_NO_COMMON_BLOCKS = YES;
				GCC_OPTIMIZATION_LEVEL = 0;
				GCC_PREPROCESSOR_DEFINITIONS = (
					"DEBUG=1",
					"$(inherited)",
				);
				GCC_WARN_64_TO_32_BIT_CONVERSION = YES;
				GCC_WARN_ABOUT_RETURN_TYPE = YES_ERROR;
				GCC_WARN_UNDECLARED_SELECTOR = YES;
				GCC_WARN_UNINITIALIZED_AUTOS = YES_AGGRESSIVE;
				GCC_WARN_UNUSED_FUNCTION = YES;
				GCC_WARN_UNUSED_VARIABLE = YES;
				IPHONEOS_DEPLOYMENT_TARGET = 12.0;
				MTL_ENABLE_DEBUG_INFO = INCLUDE_SOURCE;
				MTL_FAST_MATH = YES;
				ONLY_ACTIVE_ARCH = YES;
				SDKROOT = iphoneos;
				SWIFT_ACTIVE_COMPILATION_CONDITIONS = DEBUG;
				SWIFT_OPTIMIZATION_LEVEL = "-Onone";
			};
			name = Debug;
		};
		A453FB89260F2F9C009055D8 /* Release */ = {
			isa = XCBuildConfiguration;
			buildSettings = {
				ALWAYS_SEARCH_USER_PATHS = NO;
				CLANG_ANALYZER_NONNULL = YES;
				CLANG_ANALYZER_NUMBER_OBJECT_CONVERSION = YES_AGGRESSIVE;
				CLANG_CXX_LANGUAGE_STANDARD = "gnu++14";
				CLANG_CXX_LIBRARY = "libc++";
				CLANG_ENABLE_MODULES = YES;
				CLANG_ENABLE_OBJC_ARC = YES;
				CLANG_ENABLE_OBJC_WEAK = YES;
				CLANG_WARN_BLOCK_CAPTURE_AUTORELEASING = YES;
				CLANG_WARN_BOOL_CONVERSION = YES;
				CLANG_WARN_COMMA = YES;
				CLANG_WARN_CONSTANT_CONVERSION = YES;
				CLANG_WARN_DEPRECATED_OBJC_IMPLEMENTATIONS = YES;
				CLANG_WARN_DIRECT_OBJC_ISA_USAGE = YES_ERROR;
				CLANG_WARN_DOCUMENTATION_COMMENTS = YES;
				CLANG_WARN_EMPTY_BODY = YES;
				CLANG_WARN_ENUM_CONVERSION = YES;
				CLANG_WARN_INFINITE_RECURSION = YES;
				CLANG_WARN_INT_CONVERSION = YES;
				CLANG_WARN_NON_LITERAL_NULL_CONVERSION = YES;
				CLANG_WARN_OBJC_IMPLICIT_RETAIN_SELF = YES;
				CLANG_WARN_OBJC_LITERAL_CONVERSION = YES;
				CLANG_WARN_OBJC_ROOT_CLASS = YES_ERROR;
				CLANG_WARN_QUOTED_INCLUDE_IN_FRAMEWORK_HEADER = YES;
				CLANG_WARN_RANGE_LOOP_ANALYSIS = YES;
				CLANG_WARN_STRICT_PROTOTYPES = YES;
				CLANG_WARN_SUSPICIOUS_MOVE = YES;
				CLANG_WARN_UNGUARDED_AVAILABILITY = YES_AGGRESSIVE;
				CLANG_WARN_UNREACHABLE_CODE = YES;
				CLANG_WARN__DUPLICATE_METHOD_MATCH = YES;
				COPY_PHASE_STRIP = NO;
				DEBUG_INFORMATION_FORMAT = "dwarf-with-dsym";
				ENABLE_NS_ASSERTIONS = NO;
				ENABLE_STRICT_OBJC_MSGSEND = YES;
				GCC_C_LANGUAGE_STANDARD = gnu11;
				GCC_NO_COMMON_BLOCKS = YES;
				GCC_WARN_64_TO_32_BIT_CONVERSION = YES;
				GCC_WARN_ABOUT_RETURN_TYPE = YES_ERROR;
				GCC_WARN_UNDECLARED_SELECTOR = YES;
				GCC_WARN_UNINITIALIZED_AUTOS = YES_AGGRESSIVE;
				GCC_WARN_UNUSED_FUNCTION = YES;
				GCC_WARN_UNUSED_VARIABLE = YES;
				IPHONEOS_DEPLOYMENT_TARGET = 12.0;
				MTL_ENABLE_DEBUG_INFO = NO;
				MTL_FAST_MATH = YES;
				SDKROOT = iphoneos;
				SWIFT_COMPILATION_MODE = wholemodule;
				SWIFT_OPTIMIZATION_LEVEL = "-O";
				VALIDATE_PRODUCT = YES;
			};
			name = Release;
		};
		A453FB8B260F2F9C009055D8 /* Debug */ = {
			isa = XCBuildConfiguration;
			baseConfigurationReference = 8ABCD6C89834B58F14914322 /* Pods-News.debug.xcconfig */;
			buildSettings = {
				ASSETCATALOG_COMPILER_APPICON_NAME = AppIcon;
				ASSETCATALOG_COMPILER_GLOBAL_ACCENT_COLOR_NAME = AccentColor;
				CODE_SIGN_STYLE = Automatic;
				DEVELOPMENT_TEAM = 6U769Q36UT;
				INFOPLIST_FILE = News/Info.plist;
				LD_RUNPATH_SEARCH_PATHS = (
					"$(inherited)",
					"@executable_path/Frameworks",
				);
				PRODUCT_BUNDLE_IDENTIFIER = net.aaronlab.News;
				PRODUCT_NAME = "$(TARGET_NAME)";
				SWIFT_VERSION = 5.0;
				TARGETED_DEVICE_FAMILY = "1,2";
			};
			name = Debug;
		};
		A453FB8C260F2F9C009055D8 /* Release */ = {
			isa = XCBuildConfiguration;
			baseConfigurationReference = 6BEAA8FE8364896993520923 /* Pods-News.release.xcconfig */;
			buildSettings = {
				ASSETCATALOG_COMPILER_APPICON_NAME = AppIcon;
				ASSETCATALOG_COMPILER_GLOBAL_ACCENT_COLOR_NAME = AccentColor;
				CODE_SIGN_STYLE = Automatic;
				DEVELOPMENT_TEAM = 6U769Q36UT;
				INFOPLIST_FILE = News/Info.plist;
				LD_RUNPATH_SEARCH_PATHS = (
					"$(inherited)",
					"@executable_path/Frameworks",
				);
				PRODUCT_BUNDLE_IDENTIFIER = net.aaronlab.News;
				PRODUCT_NAME = "$(TARGET_NAME)";
				SWIFT_VERSION = 5.0;
				TARGETED_DEVICE_FAMILY = "1,2";
			};
			name = Release;
		};
/* End XCBuildConfiguration section */

/* Begin XCConfigurationList section */
		A453FB71260F2F9B009055D8 /* Build configuration list for PBXProject "News" */ = {
			isa = XCConfigurationList;
			buildConfigurations = (
				A453FB88260F2F9C009055D8 /* Debug */,
				A453FB89260F2F9C009055D8 /* Release */,
			);
			defaultConfigurationIsVisible = 0;
			defaultConfigurationName = Release;
		};
		A453FB8A260F2F9C009055D8 /* Build configuration list for PBXNativeTarget "News" */ = {
			isa = XCConfigurationList;
			buildConfigurations = (
				A453FB8B260F2F9C009055D8 /* Debug */,
				A453FB8C260F2F9C009055D8 /* Release */,
			);
			defaultConfigurationIsVisible = 0;
			defaultConfigurationName = Release;
		};
/* End XCConfigurationList section */
	};
	rootObject = A453FB6E260F2F9B009055D8 /* Project object */;
}
