// !$*UTF8*$!
{
	archiveVersion = 1;
	classes = {
	};
	objectVersion = 50;
	objects = {

/* Begin PBXBuildFile section */
		2A8D62E267A6049DDCC61196 /* Pods_Awesome_To_DoTests.framework in Frameworks */ = {isa = PBXBuildFile; fileRef = BCAA2F3FE9EC9530CD717AD5 /* Pods_Awesome_To_DoTests.framework */; };
		576563AC2F817B77176957D5 /* Pods_Awesome_To_Do_Awesome_To_DoUITests.framework in Frameworks */ = {isa = PBXBuildFile; fileRef = 62B5C3ACF3F4C637C6237C67 /* Pods_Awesome_To_Do_Awesome_To_DoUITests.framework */; };
		A449AEF12514B8AD00E1B31A /* AppDelegate.swift in Sources */ = {isa = PBXBuildFile; fileRef = A449AEF02514B8AD00E1B31A /* AppDelegate.swift */; };
		A449AEF32514B8AD00E1B31A /* SceneDelegate.swift in Sources */ = {isa = PBXBuildFile; fileRef = A449AEF22514B8AD00E1B31A /* SceneDelegate.swift */; };
		A449AEF82514B8AD00E1B31A /* Main.storyboard in Resources */ = {isa = PBXBuildFile; fileRef = A449AEF62514B8AD00E1B31A /* Main.storyboard */; };
		A449AEFA2514B8AE00E1B31A /* Assets.xcassets in Resources */ = {isa = PBXBuildFile; fileRef = A449AEF92514B8AE00E1B31A /* Assets.xcassets */; };
		A449AEFD2514B8AE00E1B31A /* LaunchScreen.storyboard in Resources */ = {isa = PBXBuildFile; fileRef = A449AEFB2514B8AE00E1B31A /* LaunchScreen.storyboard */; };
		A449AF082514B8AE00E1B31A /* Awesome_To_DoTests.swift in Sources */ = {isa = PBXBuildFile; fileRef = A449AF072514B8AE00E1B31A /* Awesome_To_DoTests.swift */; };
		A449AF132514B8AE00E1B31A /* Awesome_To_DoUITests.swift in Sources */ = {isa = PBXBuildFile; fileRef = A449AF122514B8AE00E1B31A /* Awesome_To_DoUITests.swift */; };
		A449AF282514B8E100E1B31A /* ToDoListViewController.swift in Sources */ = {isa = PBXBuildFile; fileRef = A449AF272514B8E100E1B31A /* ToDoListViewController.swift */; };
		A449AF352514BFDD00E1B31A /* AddToDoViewController.swift in Sources */ = {isa = PBXBuildFile; fileRef = A449AF342514BFDD00E1B31A /* AddToDoViewController.swift */; };
		A449AF412514C12100E1B31A /* ToDo.swift in Sources */ = {isa = PBXBuildFile; fileRef = A449AF402514C12100E1B31A /* ToDo.swift */; };
		C8E26018065F1578AB65B7E3 /* Pods_Awesome_To_Do.framework in Frameworks */ = {isa = PBXBuildFile; fileRef = 4D4789A3841902FE3A47B062 /* Pods_Awesome_To_Do.framework */; };
/* End PBXBuildFile section */

/* Begin PBXContainerItemProxy section */
		A449AF042514B8AE00E1B31A /* PBXContainerItemProxy */ = {
			isa = PBXContainerItemProxy;
			containerPortal = A449AEE52514B8AD00E1B31A /* Project object */;
			proxyType = 1;
			remoteGlobalIDString = A449AEEC2514B8AD00E1B31A;
			remoteInfo = "Awesome To Do";
		};
		A449AF0F2514B8AE00E1B31A /* PBXContainerItemProxy */ = {
			isa = PBXContainerItemProxy;
			containerPortal = A449AEE52514B8AD00E1B31A /* Project object */;
			proxyType = 1;
			remoteGlobalIDString = A449AEEC2514B8AD00E1B31A;
			remoteInfo = "Awesome To Do";
		};
/* End PBXContainerItemProxy section */

/* Begin PBXFileReference section */
		274473C55F350B5B37ECE24B /* Pods-Awesome To Do.debug.xcconfig */ = {isa = PBXFileReference; includeInIndex = 1; lastKnownFileType = text.xcconfig; name = "Pods-Awesome To Do.debug.xcconfig"; path = "Target Support Files/Pods-Awesome To Do/Pods-Awesome To Do.debug.xcconfig"; sourceTree = "<group>"; };
		44E8320A9816B93EA7E10547 /* Pods-Awesome To DoTests.release.xcconfig */ = {isa = PBXFileReference; includeInIndex = 1; lastKnownFileType = text.xcconfig; name = "Pods-Awesome To DoTests.release.xcconfig"; path = "Target Support Files/Pods-Awesome To DoTests/Pods-Awesome To DoTests.release.xcconfig"; sourceTree = "<group>"; };
		4D4789A3841902FE3A47B062 /* Pods_Awesome_To_Do.framework */ = {isa = PBXFileReference; explicitFileType = wrapper.framework; includeInIndex = 0; path = Pods_Awesome_To_Do.framework; sourceTree = BUILT_PRODUCTS_DIR; };
		62B5C3ACF3F4C637C6237C67 /* Pods_Awesome_To_Do_Awesome_To_DoUITests.framework */ = {isa = PBXFileReference; explicitFileType = wrapper.framework; includeInIndex = 0; path = Pods_Awesome_To_Do_Awesome_To_DoUITests.framework; sourceTree = BUILT_PRODUCTS_DIR; };
		8E5D293CD221204280C730EB /* Pods-Awesome To Do-Awesome To DoUITests.release.xcconfig */ = {isa = PBXFileReference; includeInIndex = 1; lastKnownFileType = text.xcconfig; name = "Pods-Awesome To Do-Awesome To DoUITests.release.xcconfig"; path = "Target Support Files/Pods-Awesome To Do-Awesome To DoUITests/Pods-Awesome To Do-Awesome To DoUITests.release.xcconfig"; sourceTree = "<group>"; };
		A03D043840B5FF6EB59D6474 /* Pods-Awesome To DoTests.debug.xcconfig */ = {isa = PBXFileReference; includeInIndex = 1; lastKnownFileType = text.xcconfig; name = "Pods-Awesome To DoTests.debug.xcconfig"; path = "Target Support Files/Pods-Awesome To DoTests/Pods-Awesome To DoTests.debug.xcconfig"; sourceTree = "<group>"; };
		A449AEED2514B8AD00E1B31A /* Awesome To Do.app */ = {isa = PBXFileReference; explicitFileType = wrapper.application; includeInIndex = 0; path = "Awesome To Do.app"; sourceTree = BUILT_PRODUCTS_DIR; };
		A449AEF02514B8AD00E1B31A /* AppDelegate.swift */ = {isa = PBXFileReference; lastKnownFileType = sourcecode.swift; path = AppDelegate.swift; sourceTree = "<group>"; };
		A449AEF22514B8AD00E1B31A /* SceneDelegate.swift */ = {isa = PBXFileReference; lastKnownFileType = sourcecode.swift; path = SceneDelegate.swift; sourceTree = "<group>"; };
		A449AEF72514B8AD00E1B31A /* Base */ = {isa = PBXFileReference; lastKnownFileType = file.storyboard; name = Base; path = Base.lproj/Main.storyboard; sourceTree = "<group>"; };
		A449AEF92514B8AE00E1B31A /* Assets.xcassets */ = {isa = PBXFileReference; lastKnownFileType = folder.assetcatalog; path = Assets.xcassets; sourceTree = "<group>"; };
		A449AEFC2514B8AE00E1B31A /* Base */ = {isa = PBXFileReference; lastKnownFileType = file.storyboard; name = Base; path = Base.lproj/LaunchScreen.storyboard; sourceTree = "<group>"; };
		A449AEFE2514B8AE00E1B31A /* Info.plist */ = {isa = PBXFileReference; lastKnownFileType = text.plist.xml; path = Info.plist; sourceTree = "<group>"; };
		A449AF032514B8AE00E1B31A /* Awesome To DoTests.xctest */ = {isa = PBXFileReference; explicitFileType = wrapper.cfbundle; includeInIndex = 0; path = "Awesome To DoTests.xctest"; sourceTree = BUILT_PRODUCTS_DIR; };
		A449AF072514B8AE00E1B31A /* Awesome_To_DoTests.swift */ = {isa = PBXFileReference; lastKnownFileType = sourcecode.swift; path = Awesome_To_DoTests.swift; sourceTree = "<group>"; };
		A449AF092514B8AE00E1B31A /* Info.plist */ = {isa = PBXFileReference; lastKnownFileType = text.plist.xml; path = Info.plist; sourceTree = "<group>"; };
		A449AF0E2514B8AE00E1B31A /* Awesome To DoUITests.xctest */ = {isa = PBXFileReference; explicitFileType = wrapper.cfbundle; includeInIndex = 0; path = "Awesome To DoUITests.xctest"; sourceTree = BUILT_PRODUCTS_DIR; };
		A449AF122514B8AE00E1B31A /* Awesome_To_DoUITests.swift */ = {isa = PBXFileReference; lastKnownFileType = sourcecode.swift; path = Awesome_To_DoUITests.swift; sourceTree = "<group>"; };
		A449AF142514B8AE00E1B31A /* Info.plist */ = {isa = PBXFileReference; lastKnownFileType = text.plist.xml; path = Info.plist; sourceTree = "<group>"; };
		A449AF272514B8E100E1B31A /* ToDoListViewController.swift */ = {isa = PBXFileReference; lastKnownFileType = sourcecode.swift; path = ToDoListViewController.swift; sourceTree = "<group>"; };
		A449AF342514BFDD00E1B31A /* AddToDoViewController.swift */ = {isa = PBXFileReference; lastKnownFileType = sourcecode.swift; path = AddToDoViewController.swift; sourceTree = "<group>"; };
		A449AF402514C12100E1B31A /* ToDo.swift */ = {isa = PBXFileReference; lastKnownFileType = sourcecode.swift; path = ToDo.swift; sourceTree = "<group>"; };
		BCAA2F3FE9EC9530CD717AD5 /* Pods_Awesome_To_DoTests.framework */ = {isa = PBXFileReference; explicitFileType = wrapper.framework; includeInIndex = 0; path = Pods_Awesome_To_DoTests.framework; sourceTree = BUILT_PRODUCTS_DIR; };
		D6013F8D03746A70D8F97EFC /* Pods-Awesome To Do-Awesome To DoUITests.debug.xcconfig */ = {isa = PBXFileReference; includeInIndex = 1; lastKnownFileType = text.xcconfig; name = "Pods-Awesome To Do-Awesome To DoUITests.debug.xcconfig"; path = "Target Support Files/Pods-Awesome To Do-Awesome To DoUITests/Pods-Awesome To Do-Awesome To DoUITests.debug.xcconfig"; sourceTree = "<group>"; };
		D9B573EB2A44FF8D096C8C94 /* Pods-Awesome To Do.release.xcconfig */ = {isa = PBXFileReference; includeInIndex = 1; lastKnownFileType = text.xcconfig; name = "Pods-Awesome To Do.release.xcconfig"; path = "Target Support Files/Pods-Awesome To Do/Pods-Awesome To Do.release.xcconfig"; sourceTree = "<group>"; };
/* End PBXFileReference section */

/* Begin PBXFrameworksBuildPhase section */
		A449AEEA2514B8AD00E1B31A /* Frameworks */ = {
			isa = PBXFrameworksBuildPhase;
			buildActionMask = 2147483647;
			files = (
				C8E26018065F1578AB65B7E3 /* Pods_Awesome_To_Do.framework in Frameworks */,
			);
			runOnlyForDeploymentPostprocessing = 0;
		};
		A449AF002514B8AE00E1B31A /* Frameworks */ = {
			isa = PBXFrameworksBuildPhase;
			buildActionMask = 2147483647;
			files = (
				2A8D62E267A6049DDCC61196 /* Pods_Awesome_To_DoTests.framework in Frameworks */,
			);
			runOnlyForDeploymentPostprocessing = 0;
		};
		A449AF0B2514B8AE00E1B31A /* Frameworks */ = {
			isa = PBXFrameworksBuildPhase;
			buildActionMask = 2147483647;
			files = (
				576563AC2F817B77176957D5 /* Pods_Awesome_To_Do_Awesome_To_DoUITests.framework in Frameworks */,
			);
			runOnlyForDeploymentPostprocessing = 0;
		};
/* End PBXFrameworksBuildPhase section */

/* Begin PBXGroup section */
		50E8C3EA1A28339DD55ADBBA /* Pods */ = {
			isa = PBXGroup;
			children = (
				274473C55F350B5B37ECE24B /* Pods-Awesome To Do.debug.xcconfig */,
				D9B573EB2A44FF8D096C8C94 /* Pods-Awesome To Do.release.xcconfig */,
				D6013F8D03746A70D8F97EFC /* Pods-Awesome To Do-Awesome To DoUITests.debug.xcconfig */,
				8E5D293CD221204280C730EB /* Pods-Awesome To Do-Awesome To DoUITests.release.xcconfig */,
				A03D043840B5FF6EB59D6474 /* Pods-Awesome To DoTests.debug.xcconfig */,
				44E8320A9816B93EA7E10547 /* Pods-Awesome To DoTests.release.xcconfig */,
			);
			name = Pods;
			path = Pods;
			sourceTree = "<group>";
		};
		7AF85C82E5C1B90E36EAF77C /* Frameworks */ = {
			isa = PBXGroup;
			children = (
				4D4789A3841902FE3A47B062 /* Pods_Awesome_To_Do.framework */,
				62B5C3ACF3F4C637C6237C67 /* Pods_Awesome_To_Do_Awesome_To_DoUITests.framework */,
				BCAA2F3FE9EC9530CD717AD5 /* Pods_Awesome_To_DoTests.framework */,
			);
			name = Frameworks;
			sourceTree = "<group>";
		};
		A449AEE42514B8AD00E1B31A = {
			isa = PBXGroup;
			children = (
				A449AEEF2514B8AD00E1B31A /* Awesome To Do */,
				A449AF062514B8AE00E1B31A /* Awesome To DoTests */,
				A449AF112514B8AE00E1B31A /* Awesome To DoUITests */,
				A449AEEE2514B8AD00E1B31A /* Products */,
				50E8C3EA1A28339DD55ADBBA /* Pods */,
				7AF85C82E5C1B90E36EAF77C /* Frameworks */,
			);
			sourceTree = "<group>";
		};
		A449AEEE2514B8AD00E1B31A /* Products */ = {
			isa = PBXGroup;
			children = (
				A449AEED2514B8AD00E1B31A /* Awesome To Do.app */,
				A449AF032514B8AE00E1B31A /* Awesome To DoTests.xctest */,
				A449AF0E2514B8AE00E1B31A /* Awesome To DoUITests.xctest */,
			);
			name = Products;
			sourceTree = "<group>";
		};
		A449AEEF2514B8AD00E1B31A /* Awesome To Do */ = {
			isa = PBXGroup;
			children = (
				A449AF302514B8FD00E1B31A /* Application */,
				A449AF3F2514C11400E1B31A /* Models */,
				A449AF2F2514B8F400E1B31A /* View */,
				A449AF262514B8C800E1B31A /* Controllers */,
				A449AEFE2514B8AE00E1B31A /* Info.plist */,
			);
			path = "Awesome To Do";
			sourceTree = "<group>";
		};
		A449AF062514B8AE00E1B31A /* Awesome To DoTests */ = {
			isa = PBXGroup;
			children = (
				A449AF072514B8AE00E1B31A /* Awesome_To_DoTests.swift */,
				A449AF092514B8AE00E1B31A /* Info.plist */,
			);
			path = "Awesome To DoTests";
			sourceTree = "<group>";
		};
		A449AF112514B8AE00E1B31A /* Awesome To DoUITests */ = {
			isa = PBXGroup;
			children = (
				A449AF122514B8AE00E1B31A /* Awesome_To_DoUITests.swift */,
				A449AF142514B8AE00E1B31A /* Info.plist */,
			);
			path = "Awesome To DoUITests";
			sourceTree = "<group>";
		};
		A449AF262514B8C800E1B31A /* Controllers */ = {
			isa = PBXGroup;
			children = (
				A449AF272514B8E100E1B31A /* ToDoListViewController.swift */,
				A449AF342514BFDD00E1B31A /* AddToDoViewController.swift */,
			);
			path = Controllers;
			sourceTree = "<group>";
		};
		A449AF2F2514B8F400E1B31A /* View */ = {
			isa = PBXGroup;
			children = (
				A449AEF62514B8AD00E1B31A /* Main.storyboard */,
			);
			path = View;
			sourceTree = "<group>";
		};
		A449AF302514B8FD00E1B31A /* Application */ = {
			isa = PBXGroup;
			children = (
				A449AEF02514B8AD00E1B31A /* AppDelegate.swift */,
				A449AEF22514B8AD00E1B31A /* SceneDelegate.swift */,
				A449AEF92514B8AE00E1B31A /* Assets.xcassets */,
				A449AEFB2514B8AE00E1B31A /* LaunchScreen.storyboard */,
			);
			path = Application;
			sourceTree = "<group>";
		};
		A449AF3F2514C11400E1B31A /* Models */ = {
			isa = PBXGroup;
			children = (
				A449AF402514C12100E1B31A /* ToDo.swift */,
			);
			path = Models;
			sourceTree = "<group>";
		};
/* End PBXGroup section */

/* Begin PBXNativeTarget section */
		A449AEEC2514B8AD00E1B31A /* Awesome To Do */ = {
			isa = PBXNativeTarget;
			buildConfigurationList = A449AF172514B8AE00E1B31A /* Build configuration list for PBXNativeTarget "Awesome To Do" */;
			buildPhases = (
				42CBF2DE093376DEA3A918B4 /* [CP] Check Pods Manifest.lock */,
				A449AEE92514B8AD00E1B31A /* Sources */,
				A449AEEA2514B8AD00E1B31A /* Frameworks */,
				A449AEEB2514B8AD00E1B31A /* Resources */,
				399915D733977AFB67A19E1D /* [CP] Embed Pods Frameworks */,
			);
			buildRules = (
			);
			dependencies = (
			);
			name = "Awesome To Do";
			productName = "Awesome To Do";
			productReference = A449AEED2514B8AD00E1B31A /* Awesome To Do.app */;
			productType = "com.apple.product-type.application";
		};
		A449AF022514B8AE00E1B31A /* Awesome To DoTests */ = {
			isa = PBXNativeTarget;
			buildConfigurationList = A449AF1A2514B8AE00E1B31A /* Build configuration list for PBXNativeTarget "Awesome To DoTests" */;
			buildPhases = (
				AEA6DEF2AA0BD2E345049185 /* [CP] Check Pods Manifest.lock */,
				A449AEFF2514B8AE00E1B31A /* Sources */,
				A449AF002514B8AE00E1B31A /* Frameworks */,
				A449AF012514B8AE00E1B31A /* Resources */,
			);
			buildRules = (
			);
			dependencies = (
				A449AF052514B8AE00E1B31A /* PBXTargetDependency */,
			);
			name = "Awesome To DoTests";
			productName = "Awesome To DoTests";
			productReference = A449AF032514B8AE00E1B31A /* Awesome To DoTests.xctest */;
			productType = "com.apple.product-type.bundle.unit-test";
		};
		A449AF0D2514B8AE00E1B31A /* Awesome To DoUITests */ = {
			isa = PBXNativeTarget;
			buildConfigurationList = A449AF1D2514B8AE00E1B31A /* Build configuration list for PBXNativeTarget "Awesome To DoUITests" */;
			buildPhases = (
				6E7933E5B489DEDE3B6243C2 /* [CP] Check Pods Manifest.lock */,
				A449AF0A2514B8AE00E1B31A /* Sources */,
				A449AF0B2514B8AE00E1B31A /* Frameworks */,
				A449AF0C2514B8AE00E1B31A /* Resources */,
				9BB30AF2137CB9D1CC790CCB /* [CP] Embed Pods Frameworks */,
			);
			buildRules = (
			);
			dependencies = (
				A449AF102514B8AE00E1B31A /* PBXTargetDependency */,
			);
			name = "Awesome To DoUITests";
			productName = "Awesome To DoUITests";
			productReference = A449AF0E2514B8AE00E1B31A /* Awesome To DoUITests.xctest */;
			productType = "com.apple.product-type.bundle.ui-testing";
		};
/* End PBXNativeTarget section */

/* Begin PBXProject section */
		A449AEE52514B8AD00E1B31A /* Project object */ = {
			isa = PBXProject;
			attributes = {
				LastSwiftUpdateCheck = 1200;
				LastUpgradeCheck = 1200;
				TargetAttributes = {
					A449AEEC2514B8AD00E1B31A = {
						CreatedOnToolsVersion = 12.0;
					};
					A449AF022514B8AE00E1B31A = {
						CreatedOnToolsVersion = 12.0;
						TestTargetID = A449AEEC2514B8AD00E1B31A;
					};
					A449AF0D2514B8AE00E1B31A = {
						CreatedOnToolsVersion = 12.0;
						TestTargetID = A449AEEC2514B8AD00E1B31A;
					};
				};
			};
			buildConfigurationList = A449AEE82514B8AD00E1B31A /* Build configuration list for PBXProject "Awesome To Do" */;
			compatibilityVersion = "Xcode 9.3";
			developmentRegion = en;
			hasScannedForEncodings = 0;
			knownRegions = (
				en,
				Base,
			);
			mainGroup = A449AEE42514B8AD00E1B31A;
			productRefGroup = A449AEEE2514B8AD00E1B31A /* Products */;
			projectDirPath = "";
			projectRoot = "";
			targets = (
				A449AEEC2514B8AD00E1B31A /* Awesome To Do */,
				A449AF022514B8AE00E1B31A /* Awesome To DoTests */,
				A449AF0D2514B8AE00E1B31A /* Awesome To DoUITests */,
			);
		};
/* End PBXProject section */

/* Begin PBXResourcesBuildPhase section */
		A449AEEB2514B8AD00E1B31A /* Resources */ = {
			isa = PBXResourcesBuildPhase;
			buildActionMask = 2147483647;
			files = (
				A449AEFD2514B8AE00E1B31A /* LaunchScreen.storyboard in Resources */,
				A449AEFA2514B8AE00E1B31A /* Assets.xcassets in Resources */,
				A449AEF82514B8AD00E1B31A /* Main.storyboard in Resources */,
			);
			runOnlyForDeploymentPostprocessing = 0;
		};
		A449AF012514B8AE00E1B31A /* Resources */ = {
			isa = PBXResourcesBuildPhase;
			buildActionMask = 2147483647;
			files = (
			);
			runOnlyForDeploymentPostprocessing = 0;
		};
		A449AF0C2514B8AE00E1B31A /* Resources */ = {
			isa = PBXResourcesBuildPhase;
			buildActionMask = 2147483647;
			files = (
			);
			runOnlyForDeploymentPostprocessing = 0;
		};
/* End PBXResourcesBuildPhase section */

/* Begin PBXShellScriptBuildPhase section */
		399915D733977AFB67A19E1D /* [CP] Embed Pods Frameworks */ = {
			isa = PBXShellScriptBuildPhase;
			buildActionMask = 2147483647;
			files = (
			);
			inputFileListPaths = (
				"${PODS_ROOT}/Target Support Files/Pods-Awesome To Do/Pods-Awesome To Do-frameworks-${CONFIGURATION}-input-files.xcfilelist",
			);
			name = "[CP] Embed Pods Frameworks";
			outputFileListPaths = (
				"${PODS_ROOT}/Target Support Files/Pods-Awesome To Do/Pods-Awesome To Do-frameworks-${CONFIGURATION}-output-files.xcfilelist",
			);
			runOnlyForDeploymentPostprocessing = 0;
			shellPath = /bin/sh;
			shellScript = "\"${PODS_ROOT}/Target Support Files/Pods-Awesome To Do/Pods-Awesome To Do-frameworks.sh\"\n";
			showEnvVarsInLog = 0;
		};
		42CBF2DE093376DEA3A918B4 /* [CP] Check Pods Manifest.lock */ = {
			isa = PBXShellScriptBuildPhase;
			buildActionMask = 2147483647;
			files = (
			);
			inputFileListPaths = (
			);
			inputPaths = (
				"${PODS_PODFILE_DIR_PATH}/Podfile.lock",
				"${PODS_ROOT}/Manifest.lock",
			);
			name = "[CP] Check Pods Manifest.lock";
			outputFileListPaths = (
			);
			outputPaths = (
				"$(DERIVED_FILE_DIR)/Pods-Awesome To Do-checkManifestLockResult.txt",
			);
			runOnlyForDeploymentPostprocessing = 0;
			shellPath = /bin/sh;
			shellScript = "diff \"${PODS_PODFILE_DIR_PATH}/Podfile.lock\" \"${PODS_ROOT}/Manifest.lock\" > /dev/null\nif [ $? != 0 ] ; then\n    # print error to STDERR\n    echo \"error: The sandbox is not in sync with the Podfile.lock. Run 'pod install' or update your CocoaPods installation.\" >&2\n    exit 1\nfi\n# This output is used by Xcode 'outputs' to avoid re-running this script phase.\necho \"SUCCESS\" > \"${SCRIPT_OUTPUT_FILE_0}\"\n";
			showEnvVarsInLog = 0;
		};
		6E7933E5B489DEDE3B6243C2 /* [CP] Check Pods Manifest.lock */ = {
			isa = PBXShellScriptBuildPhase;
			buildActionMask = 2147483647;
			files = (
			);
			inputFileListPaths = (
			);
			inputPaths = (
				"${PODS_PODFILE_DIR_PATH}/Podfile.lock",
				"${PODS_ROOT}/Manifest.lock",
			);
			name = "[CP] Check Pods Manifest.lock";
			outputFileListPaths = (
			);
			outputPaths = (
				"$(DERIVED_FILE_DIR)/Pods-Awesome To Do-Awesome To DoUITests-checkManifestLockResult.txt",
			);
			runOnlyForDeploymentPostprocessing = 0;
			shellPath = /bin/sh;
			shellScript = "diff \"${PODS_PODFILE_DIR_PATH}/Podfile.lock\" \"${PODS_ROOT}/Manifest.lock\" > /dev/null\nif [ $? != 0 ] ; then\n    # print error to STDERR\n    echo \"error: The sandbox is not in sync with the Podfile.lock. Run 'pod install' or update your CocoaPods installation.\" >&2\n    exit 1\nfi\n# This output is used by Xcode 'outputs' to avoid re-running this script phase.\necho \"SUCCESS\" > \"${SCRIPT_OUTPUT_FILE_0}\"\n";
			showEnvVarsInLog = 0;
		};
		9BB30AF2137CB9D1CC790CCB /* [CP] Embed Pods Frameworks */ = {
			isa = PBXShellScriptBuildPhase;
			buildActionMask = 2147483647;
			files = (
			);
			inputFileListPaths = (
				"${PODS_ROOT}/Target Support Files/Pods-Awesome To Do-Awesome To DoUITests/Pods-Awesome To Do-Awesome To DoUITests-frameworks-${CONFIGURATION}-input-files.xcfilelist",
			);
			name = "[CP] Embed Pods Frameworks";
			outputFileListPaths = (
				"${PODS_ROOT}/Target Support Files/Pods-Awesome To Do-Awesome To DoUITests/Pods-Awesome To Do-Awesome To DoUITests-frameworks-${CONFIGURATION}-output-files.xcfilelist",
			);
			runOnlyForDeploymentPostprocessing = 0;
			shellPath = /bin/sh;
			shellScript = "\"${PODS_ROOT}/Target Support Files/Pods-Awesome To Do-Awesome To DoUITests/Pods-Awesome To Do-Awesome To DoUITests-frameworks.sh\"\n";
			showEnvVarsInLog = 0;
		};
		AEA6DEF2AA0BD2E345049185 /* [CP] Check Pods Manifest.lock */ = {
			isa = PBXShellScriptBuildPhase;
			buildActionMask = 2147483647;
			files = (
			);
			inputFileListPaths = (
			);
			inputPaths = (
				"${PODS_PODFILE_DIR_PATH}/Podfile.lock",
				"${PODS_ROOT}/Manifest.lock",
			);
			name = "[CP] Check Pods Manifest.lock";
			outputFileListPaths = (
			);
			outputPaths = (
				"$(DERIVED_FILE_DIR)/Pods-Awesome To DoTests-checkManifestLockResult.txt",
			);
			runOnlyForDeploymentPostprocessing = 0;
			shellPath = /bin/sh;
			shellScript = "diff \"${PODS_PODFILE_DIR_PATH}/Podfile.lock\" \"${PODS_ROOT}/Manifest.lock\" > /dev/null\nif [ $? != 0 ] ; then\n    # print error to STDERR\n    echo \"error: The sandbox is not in sync with the Podfile.lock. Run 'pod install' or update your CocoaPods installation.\" >&2\n    exit 1\nfi\n# This output is used by Xcode 'outputs' to avoid re-running this script phase.\necho \"SUCCESS\" > \"${SCRIPT_OUTPUT_FILE_0}\"\n";
			showEnvVarsInLog = 0;
		};
/* End PBXShellScriptBuildPhase section */

/* Begin PBXSourcesBuildPhase section */
		A449AEE92514B8AD00E1B31A /* Sources */ = {
			isa = PBXSourcesBuildPhase;
			buildActionMask = 2147483647;
			files = (
				A449AEF12514B8AD00E1B31A /* AppDelegate.swift in Sources */,
				A449AF412514C12100E1B31A /* ToDo.swift in Sources */,
				A449AF352514BFDD00E1B31A /* AddToDoViewController.swift in Sources */,
				A449AEF32514B8AD00E1B31A /* SceneDelegate.swift in Sources */,
				A449AF282514B8E100E1B31A /* ToDoListViewController.swift in Sources */,
			);
			runOnlyForDeploymentPostprocessing = 0;
		};
		A449AEFF2514B8AE00E1B31A /* Sources */ = {
			isa = PBXSourcesBuildPhase;
			buildActionMask = 2147483647;
			files = (
				A449AF082514B8AE00E1B31A /* Awesome_To_DoTests.swift in Sources */,
			);
			runOnlyForDeploymentPostprocessing = 0;
		};
		A449AF0A2514B8AE00E1B31A /* Sources */ = {
			isa = PBXSourcesBuildPhase;
			buildActionMask = 2147483647;
			files = (
				A449AF132514B8AE00E1B31A /* Awesome_To_DoUITests.swift in Sources */,
			);
			runOnlyForDeploymentPostprocessing = 0;
		};
/* End PBXSourcesBuildPhase section */

/* Begin PBXTargetDependency section */
		A449AF052514B8AE00E1B31A /* PBXTargetDependency */ = {
			isa = PBXTargetDependency;
			target = A449AEEC2514B8AD00E1B31A /* Awesome To Do */;
			targetProxy = A449AF042514B8AE00E1B31A /* PBXContainerItemProxy */;
		};
		A449AF102514B8AE00E1B31A /* PBXTargetDependency */ = {
			isa = PBXTargetDependency;
			target = A449AEEC2514B8AD00E1B31A /* Awesome To Do */;
			targetProxy = A449AF0F2514B8AE00E1B31A /* PBXContainerItemProxy */;
		};
/* End PBXTargetDependency section */

/* Begin PBXVariantGroup section */
		A449AEF62514B8AD00E1B31A /* Main.storyboard */ = {
			isa = PBXVariantGroup;
			children = (
				A449AEF72514B8AD00E1B31A /* Base */,
			);
			name = Main.storyboard;
			sourceTree = "<group>";
		};
		A449AEFB2514B8AE00E1B31A /* LaunchScreen.storyboard */ = {
			isa = PBXVariantGroup;
			children = (
				A449AEFC2514B8AE00E1B31A /* Base */,
			);
			name = LaunchScreen.storyboard;
			sourceTree = "<group>";
		};
/* End PBXVariantGroup section */

/* Begin XCBuildConfiguration section */
		A449AF152514B8AE00E1B31A /* Debug */ = {
			isa = XCBuildConfiguration;
			buildSettings = {
				ALWAYS_SEARCH_USER_PATHS = NO;
				CLANG_ANALYZER_NONNULL = YES;
				CLANG_ANALYZER_NUMBER_OBJECT_CONVERSION = YES_AGGRESSIVE;
				CLANG_CXX_LANGUAGE_STANDARD = "gnu++14";
				CLANG_CXX_LIBRARY = "libc++";
				CLANG_ENABLE_MODULES = YES;
				CLANG_ENABLE_OBJC_ARC = YES;
				CLANG_ENABLE_OBJC_WEAK = YES;
				CLANG_WARN_BLOCK_CAPTURE_AUTORELEASING = YES;
				CLANG_WARN_BOOL_CONVERSION = YES;
				CLANG_WARN_COMMA = YES;
				CLANG_WARN_CONSTANT_CONVERSION = YES;
				CLANG_WARN_DEPRECATED_OBJC_IMPLEMENTATIONS = YES;
				CLANG_WARN_DIRECT_OBJC_ISA_USAGE = YES_ERROR;
				CLANG_WARN_DOCUMENTATION_COMMENTS = YES;
				CLANG_WARN_EMPTY_BODY = YES;
				CLANG_WARN_ENUM_CONVERSION = YES;
				CLANG_WARN_INFINITE_RECURSION = YES;
				CLANG_WARN_INT_CONVERSION = YES;
				CLANG_WARN_NON_LITERAL_NULL_CONVERSION = YES;
				CLANG_WARN_OBJC_IMPLICIT_RETAIN_SELF = YES;
				CLANG_WARN_OBJC_LITERAL_CONVERSION = YES;
				CLANG_WARN_OBJC_ROOT_CLASS = YES_ERROR;
				CLANG_WARN_QUOTED_INCLUDE_IN_FRAMEWORK_HEADER = YES;
				CLANG_WARN_RANGE_LOOP_ANALYSIS = YES;
				CLANG_WARN_STRICT_PROTOTYPES = YES;
				CLANG_WARN_SUSPICIOUS_MOVE = YES;
				CLANG_WARN_UNGUARDED_AVAILABILITY = YES_AGGRESSIVE;
				CLANG_WARN_UNREACHABLE_CODE = YES;
				CLANG_WARN__DUPLICATE_METHOD_MATCH = YES;
				COPY_PHASE_STRIP = NO;
				DEBUG_INFORMATION_FORMAT = dwarf;
				ENABLE_STRICT_OBJC_MSGSEND = YES;
				ENABLE_TESTABILITY = YES;
				GCC_C_LANGUAGE_STANDARD = gnu11;
				GCC_DYNAMIC_NO_PIC = NO;
				GCC_NO_COMMON_BLOCKS = YES;
				GCC_OPTIMIZATION_LEVEL = 0;
				GCC_PREPROCESSOR_DEFINITIONS = (
					"DEBUG=1",
					"$(inherited)",
				);
				GCC_WARN_64_TO_32_BIT_CONVERSION = YES;
				GCC_WARN_ABOUT_RETURN_TYPE = YES_ERROR;
				GCC_WARN_UNDECLARED_SELECTOR = YES;
				GCC_WARN_UNINITIALIZED_AUTOS = YES_AGGRESSIVE;
				GCC_WARN_UNUSED_FUNCTION = YES;
				GCC_WARN_UNUSED_VARIABLE = YES;
				IPHONEOS_DEPLOYMENT_TARGET = 14.0;
				MTL_ENABLE_DEBUG_INFO = INCLUDE_SOURCE;
				MTL_FAST_MATH = YES;
				ONLY_ACTIVE_ARCH = YES;
				SDKROOT = iphoneos;
				SWIFT_ACTIVE_COMPILATION_CONDITIONS = DEBUG;
				SWIFT_OPTIMIZATION_LEVEL = "-Onone";
			};
			name = Debug;
		};
		A449AF162514B8AE00E1B31A /* Release */ = {
			isa = XCBuildConfiguration;
			buildSettings = {
				ALWAYS_SEARCH_USER_PATHS = NO;
				CLANG_ANALYZER_NONNULL = YES;
				CLANG_ANALYZER_NUMBER_OBJECT_CONVERSION = YES_AGGRESSIVE;
				CLANG_CXX_LANGUAGE_STANDARD = "gnu++14";
				CLANG_CXX_LIBRARY = "libc++";
				CLANG_ENABLE_MODULES = YES;
				CLANG_ENABLE_OBJC_ARC = YES;
				CLANG_ENABLE_OBJC_WEAK = YES;
				CLANG_WARN_BLOCK_CAPTURE_AUTORELEASING = YES;
				CLANG_WARN_BOOL_CONVERSION = YES;
				CLANG_WARN_COMMA = YES;
				CLANG_WARN_CONSTANT_CONVERSION = YES;
				CLANG_WARN_DEPRECATED_OBJC_IMPLEMENTATIONS = YES;
				CLANG_WARN_DIRECT_OBJC_ISA_USAGE = YES_ERROR;
				CLANG_WARN_DOCUMENTATION_COMMENTS = YES;
				CLANG_WARN_EMPTY_BODY = YES;
				CLANG_WARN_ENUM_CONVERSION = YES;
				CLANG_WARN_INFINITE_RECURSION = YES;
				CLANG_WARN_INT_CONVERSION = YES;
				CLANG_WARN_NON_LITERAL_NULL_CONVERSION = YES;
				CLANG_WARN_OBJC_IMPLICIT_RETAIN_SELF = YES;
				CLANG_WARN_OBJC_LITERAL_CONVERSION = YES;
				CLANG_WARN_OBJC_ROOT_CLASS = YES_ERROR;
				CLANG_WARN_QUOTED_INCLUDE_IN_FRAMEWORK_HEADER = YES;
				CLANG_WARN_RANGE_LOOP_ANALYSIS = YES;
				CLANG_WARN_STRICT_PROTOTYPES = YES;
				CLANG_WARN_SUSPICIOUS_MOVE = YES;
				CLANG_WARN_UNGUARDED_AVAILABILITY = YES_AGGRESSIVE;
				CLANG_WARN_UNREACHABLE_CODE = YES;
				CLANG_WARN__DUPLICATE_METHOD_MATCH = YES;
				COPY_PHASE_STRIP = NO;
				DEBUG_INFORMATION_FORMAT = "dwarf-with-dsym";
				ENABLE_NS_ASSERTIONS = NO;
				ENABLE_STRICT_OBJC_MSGSEND = YES;
				GCC_C_LANGUAGE_STANDARD = gnu11;
				GCC_NO_COMMON_BLOCKS = YES;
				GCC_WARN_64_TO_32_BIT_CONVERSION = YES;
				GCC_WARN_ABOUT_RETURN_TYPE = YES_ERROR;
				GCC_WARN_UNDECLARED_SELECTOR = YES;
				GCC_WARN_UNINITIALIZED_AUTOS = YES_AGGRESSIVE;
				GCC_WARN_UNUSED_FUNCTION = YES;
				GCC_WARN_UNUSED_VARIABLE = YES;
				IPHONEOS_DEPLOYMENT_TARGET = 14.0;
				MTL_ENABLE_DEBUG_INFO = NO;
				MTL_FAST_MATH = YES;
				SDKROOT = iphoneos;
				SWIFT_COMPILATION_MODE = wholemodule;
				SWIFT_OPTIMIZATION_LEVEL = "-O";
				VALIDATE_PRODUCT = YES;
			};
			name = Release;
		};
		A449AF182514B8AE00E1B31A /* Debug */ = {
			isa = XCBuildConfiguration;
			baseConfigurationReference = 274473C55F350B5B37ECE24B /* Pods-Awesome To Do.debug.xcconfig */;
			buildSettings = {
				ASSETCATALOG_COMPILER_APPICON_NAME = AppIcon;
				ASSETCATALOG_COMPILER_GLOBAL_ACCENT_COLOR_NAME = AccentColor;
				CODE_SIGN_STYLE = Automatic;
				DEVELOPMENT_TEAM = 6U769Q36UT;
				INFOPLIST_FILE = "Awesome To Do/Info.plist";
				LD_RUNPATH_SEARCH_PATHS = (
					"$(inherited)",
					"@executable_path/Frameworks",
				);
				PRODUCT_BUNDLE_IDENTIFIER = "com.aaronlee.Awesome-To-Do";
				PRODUCT_NAME = "$(TARGET_NAME)";
				SWIFT_VERSION = 5.0;
				TARGETED_DEVICE_FAMILY = "1,2";
			};
			name = Debug;
		};
		A449AF192514B8AE00E1B31A /* Release */ = {
			isa = XCBuildConfiguration;
			baseConfigurationReference = D9B573EB2A44FF8D096C8C94 /* Pods-Awesome To Do.release.xcconfig */;
			buildSettings = {
				ASSETCATALOG_COMPILER_APPICON_NAME = AppIcon;
				ASSETCATALOG_COMPILER_GLOBAL_ACCENT_COLOR_NAME = AccentColor;
				CODE_SIGN_STYLE = Automatic;
				DEVELOPMENT_TEAM = 6U769Q36UT;
				INFOPLIST_FILE = "Awesome To Do/Info.plist";
				LD_RUNPATH_SEARCH_PATHS = (
					"$(inherited)",
					"@executable_path/Frameworks",
				);
				PRODUCT_BUNDLE_IDENTIFIER = "com.aaronlee.Awesome-To-Do";
				PRODUCT_NAME = "$(TARGET_NAME)";
				SWIFT_VERSION = 5.0;
				TARGETED_DEVICE_FAMILY = "1,2";
			};
			name = Release;
		};
		A449AF1B2514B8AE00E1B31A /* Debug */ = {
			isa = XCBuildConfiguration;
			baseConfigurationReference = A03D043840B5FF6EB59D6474 /* Pods-Awesome To DoTests.debug.xcconfig */;
			buildSettings = {
				ALWAYS_EMBED_SWIFT_STANDARD_LIBRARIES = YES;
				BUNDLE_LOADER = "$(TEST_HOST)";
				CODE_SIGN_STYLE = Automatic;
				DEVELOPMENT_TEAM = 6U769Q36UT;
				INFOPLIST_FILE = "Awesome To DoTests/Info.plist";
				IPHONEOS_DEPLOYMENT_TARGET = 14.0;
				LD_RUNPATH_SEARCH_PATHS = (
					"$(inherited)",
					"@executable_path/Frameworks",
					"@loader_path/Frameworks",
				);
				PRODUCT_BUNDLE_IDENTIFIER = "com.aaronlee.Awesome-To-DoTests";
				PRODUCT_NAME = "$(TARGET_NAME)";
				SWIFT_VERSION = 5.0;
				TARGETED_DEVICE_FAMILY = "1,2";
				TEST_HOST = "$(BUILT_PRODUCTS_DIR)/Awesome To Do.app/Awesome To Do";
			};
			name = Debug;
		};
		A449AF1C2514B8AE00E1B31A /* Release */ = {
			isa = XCBuildConfiguration;
			baseConfigurationReference = 44E8320A9816B93EA7E10547 /* Pods-Awesome To DoTests.release.xcconfig */;
			buildSettings = {
				ALWAYS_EMBED_SWIFT_STANDARD_LIBRARIES = YES;
				BUNDLE_LOADER = "$(TEST_HOST)";
				CODE_SIGN_STYLE = Automatic;
				DEVELOPMENT_TEAM = 6U769Q36UT;
				INFOPLIST_FILE = "Awesome To DoTests/Info.plist";
				IPHONEOS_DEPLOYMENT_TARGET = 14.0;
				LD_RUNPATH_SEARCH_PATHS = (
					"$(inherited)",
					"@executable_path/Frameworks",
					"@loader_path/Frameworks",
				);
				PRODUCT_BUNDLE_IDENTIFIER = "com.aaronlee.Awesome-To-DoTests";
				PRODUCT_NAME = "$(TARGET_NAME)";
				SWIFT_VERSION = 5.0;
				TARGETED_DEVICE_FAMILY = "1,2";
				TEST_HOST = "$(BUILT_PRODUCTS_DIR)/Awesome To Do.app/Awesome To Do";
			};
			name = Release;
		};
		A449AF1E2514B8AE00E1B31A /* Debug */ = {
			isa = XCBuildConfiguration;
			baseConfigurationReference = D6013F8D03746A70D8F97EFC /* Pods-Awesome To Do-Awesome To DoUITests.debug.xcconfig */;
			buildSettings = {
				ALWAYS_EMBED_SWIFT_STANDARD_LIBRARIES = YES;
				CODE_SIGN_STYLE = Automatic;
				DEVELOPMENT_TEAM = 6U769Q36UT;
				INFOPLIST_FILE = "Awesome To DoUITests/Info.plist";
				LD_RUNPATH_SEARCH_PATHS = (
					"$(inherited)",
					"@executable_path/Frameworks",
					"@loader_path/Frameworks",
				);
				PRODUCT_BUNDLE_IDENTIFIER = "com.aaronlee.Awesome-To-DoUITests";
				PRODUCT_NAME = "$(TARGET_NAME)";
				SWIFT_VERSION = 5.0;
				TARGETED_DEVICE_FAMILY = "1,2";
				TEST_TARGET_NAME = "Awesome To Do";
			};
			name = Debug;
		};
		A449AF1F2514B8AE00E1B31A /* Release */ = {
			isa = XCBuildConfiguration;
			baseConfigurationReference = 8E5D293CD221204280C730EB /* Pods-Awesome To Do-Awesome To DoUITests.release.xcconfig */;
			buildSettings = {
				ALWAYS_EMBED_SWIFT_STANDARD_LIBRARIES = YES;
				CODE_SIGN_STYLE = Automatic;
				DEVELOPMENT_TEAM = 6U769Q36UT;
				INFOPLIST_FILE = "Awesome To DoUITests/Info.plist";
				LD_RUNPATH_SEARCH_PATHS = (
					"$(inherited)",
					"@executable_path/Frameworks",
					"@loader_path/Frameworks",
				);
				PRODUCT_BUNDLE_IDENTIFIER = "com.aaronlee.Awesome-To-DoUITests";
				PRODUCT_NAME = "$(TARGET_NAME)";
				SWIFT_VERSION = 5.0;
				TARGETED_DEVICE_FAMILY = "1,2";
				TEST_TARGET_NAME = "Awesome To Do";
			};
			name = Release;
		};
/* End XCBuildConfiguration section */

/* Begin XCConfigurationList section */
		A449AEE82514B8AD00E1B31A /* Build configuration list for PBXProject "Awesome To Do" */ = {
			isa = XCConfigurationList;
			buildConfigurations = (
				A449AF152514B8AE00E1B31A /* Debug */,
				A449AF162514B8AE00E1B31A /* Release */,
			);
			defaultConfigurationIsVisible = 0;
			defaultConfigurationName = Release;
		};
		A449AF172514B8AE00E1B31A /* Build configuration list for PBXNativeTarget "Awesome To Do" */ = {
			isa = XCConfigurationList;
			buildConfigurations = (
				A449AF182514B8AE00E1B31A /* Debug */,
				A449AF192514B8AE00E1B31A /* Release */,
			);
			defaultConfigurationIsVisible = 0;
			defaultConfigurationName = Release;
		};
		A449AF1A2514B8AE00E1B31A /* Build configuration list for PBXNativeTarget "Awesome To DoTests" */ = {
			isa = XCConfigurationList;
			buildConfigurations = (
				A449AF1B2514B8AE00E1B31A /* Debug */,
				A449AF1C2514B8AE00E1B31A /* Release */,
			);
			defaultConfigurationIsVisible = 0;
			defaultConfigurationName = Release;
		};
		A449AF1D2514B8AE00E1B31A /* Build configuration list for PBXNativeTarget "Awesome To DoUITests" */ = {
			isa = XCConfigurationList;
			buildConfigurations = (
				A449AF1E2514B8AE00E1B31A /* Debug */,
				A449AF1F2514B8AE00E1B31A /* Release */,
			);
			defaultConfigurationIsVisible = 0;
			defaultConfigurationName = Release;
		};
/* End XCConfigurationList section */
	};
	rootObject = A449AEE52514B8AD00E1B31A /* Project object */;
}
